
Microsoft Visual Studio Solution File, Format Version 12.00
# Visual Studio Version 16
VisualStudioVersion = 16.0.30011.22
MinimumVisualStudioVersion = 10.0.40219.1
Project("{FAE04EC0-301F-11D3-BF4B-00C04F79EFBC}") = "InitSubmodules", "Tools\InitSubmodules\InitSubmodules.csproj", "{2A1D6CE3-D8D1-4586-B010-1DA6836DEDF2}"
EndProject
Project("{FAE04EC0-301F-11D3-BF4B-00C04F79EFBC}") = "GenerateSimulatorViewportTemplates", "Tools\GenerateSimulatorViewportTemplates\GenerateSimulatorViewportTemplates.csproj", "{D17E62CB-E81A-412E-931B-CD4456151C40}"
EndProject
Project("{FAE04EC0-301F-11D3-BF4B-00C04F79EFBC}") = "ToolsCommon", "Tools\ToolsCommon\ToolsCommon.csproj", "{B81321DB-0CD8-4E6D-843C-0461979EEE9D}"
EndProject
Global
	GlobalSection(SolutionConfigurationPlatforms) = preSolution
		Release|x64 = Release|x64
	EndGlobalSection
	GlobalSection(ProjectConfigurationPlatforms) = postSolution
		{2A1D6CE3-D8D1-4586-B010-1DA6836DEDF2}.Release|x64.ActiveCfg = Release|x64
		{2A1D6CE3-D8D1-4586-B010-1DA6836DEDF2}.Release|x64.Build.0 = Release|x64
		{D17E62CB-E81A-412E-931B-CD4456151C40}.Release|x64.ActiveCfg = Release|x64
		{D17E62CB-E81A-412E-931B-CD4456151C40}.Release|x64.Build.0 = Release|x64
		{B81321DB-0CD8-4E6D-843C-0461979EEE9D}.Release|x64.ActiveCfg = Release|x64
		{B81321DB-0CD8-4E6D-843C-0461979EEE9D}.Release|x64.Build.0 = Release|x64
	EndGlobalSection
	GlobalSection(SolutionProperties) = preSolution
		HideSolutionNode = FALSE
	EndGlobalSection
	GlobalSection(ExtensibilityGlobals) = postSolution
		SolutionGuid = {CE564A6D-5172-4DA1-BFAB-10DFD46A2B74}
	EndGlobalSection
EndGlobal
