
Microsoft Visual Studio Solution File, Format Version 12.00
# Visual Studio Version 17
VisualStudioVersion = 17.3.32922.545
MinimumVisualStudioVersion = 10.0.40219.1
Project("{FAE04EC0-301F-11D3-BF4B-00C04F79EFBC}") = "Aircraft A-10C", "Aircraft A-10C\Aircraft A-10C.csproj", "{80870108-EFE4-4ADF-969D-A0CE06123271}"
EndProject
Project("{FAE04EC0-301F-11D3-BF4B-00C04F79EFBC}") = "Aircraft AV-8B", "Aircraft AV-8B\Aircraft AV-8B.csproj", "{2B00F04B-3CB2-44E7-B49B-DA94FF74C66C}"
EndProject
Project("{FAE04EC0-301F-11D3-BF4B-00C04F79EFBC}") = "Aircraft M2000C", "Aircraft M2000C\Aircraft M2000C.csproj", "{BD8B2678-7D32-4E3D-8A9D-CA1CE201285F}"
EndProject
Project("{FAE04EC0-301F-11D3-BF4B-00C04F79EFBC}") = "Aircraft FA-18C", "Aircraft FA-18C\Aircraft FA-18C.csproj", "{4FDCE381-AA97-4C5E-B4CF-F9EC6792DD2C}"
EndProject
Project("{FAE04EC0-301F-11D3-BF4B-00C04F79EFBC}") = "Aircraft F-15E", "Aircraft F-15E\Aircraft F-15E.csproj", "{E6886A7C-866A-499C-9933-3E87281B6CB1}"
EndProject
Project("{FAE04EC0-301F-11D3-BF4B-00C04F79EFBC}") = "Helios", "Helios\Helios.csproj", "{E5ABE3F5-46EC-46D1-9330-D42311471A93}"
	ProjectSection(ProjectDependencies) = postProject
		{2B00F04B-3CB2-44E7-B49B-DA94FF74C66C} = {2B00F04B-3CB2-44E7-B49B-DA94FF74C66C}
		{4FDCE381-AA97-4C5E-B4CF-F9EC6792DD2C} = {4FDCE381-AA97-4C5E-B4CF-F9EC6792DD2C}
		{80870108-EFE4-4ADF-969D-A0CE06123271} = {80870108-EFE4-4ADF-969D-A0CE06123271}
		{BD8B2678-7D32-4E3D-8A9D-CA1CE201285F} = {BD8B2678-7D32-4E3D-8A9D-CA1CE201285F}
		{D17E62CB-E81A-412E-931B-CD4456151C40} = {D17E62CB-E81A-412E-931B-CD4456151C40}
		{E6886A7C-866A-499C-9933-3E87281B6CB1} = {E6886A7C-866A-499C-9933-3E87281B6CB1}
	EndProjectSection
EndProject
Project("{FAE04EC0-301F-11D3-BF4B-00C04F79EFBC}") = "Profile Editor", "Profile Editor\Profile Editor.csproj", "{3AF089A2-9DA0-40C3-AD3A-92253F497BC8}"
	ProjectSection(ProjectDependencies) = postProject
		{EBC0933D-26DF-4199-AA44-D5ADBD449342} = {EBC0933D-26DF-4199-AA44-D5ADBD449342}
	EndProjectSection
EndProject
Project("{FAE04EC0-301F-11D3-BF4B-00C04F79EFBC}") = "Control Center", "Control Center\Control Center.csproj", "{80D80B0F-0DC0-49E2-97C2-3CC6436FA61F}"
	ProjectSection(ProjectDependencies) = postProject
		{EBC0933D-26DF-4199-AA44-D5ADBD449342} = {EBC0933D-26DF-4199-AA44-D5ADBD449342}
	EndProjectSection
EndProject
Project("{FAE04EC0-301F-11D3-BF4B-00C04F79EFBC}") = "Phidgets", "Phidgets\Phidgets.csproj", "{06BA10F4-279C-4E82-B77C-333706A617B9}"
EndProject
Project("{FAE04EC0-301F-11D3-BF4B-00C04F79EFBC}") = "Keypress Receiver", "KeyPressReceiver\Keypress Receiver.csproj", "{5F79059E-6954-45C1-8929-27683551D25A}"
EndProject
Project("{54435603-DBB4-11D2-8724-00A0C9A8B90C}") = "Keypress Receiver Installer", "Keypress Receiver Installer\Keypress Receiver Installer.vdproj", "{61272BD1-E670-45CC-918B-1208B837F4DC}"
EndProject
Project("{54435603-DBB4-11D2-8724-00A0C9A8B90C}") = "Helios Installer", "Helios Installer\Helios Installer.vdproj", "{3EBE3C85-C79E-42EF-AA07-EEDA5990205B}"
	ProjectSection(ProjectDependencies) = postProject
		{5F79059E-6954-45C1-8929-27683551D25A} = {5F79059E-6954-45C1-8929-27683551D25A}
		{61272BD1-E670-45CC-918B-1208B837F4DC} = {61272BD1-E670-45CC-918B-1208B837F4DC}
	EndProjectSection
EndProject
Project("{2150E333-8FDC-42A3-9474-1A3956D46DE8}") = "Solution Items", "Solution Items", "{D2584DE8-3723-4154-9F82-9AF2F5A37939}"
	ProjectSection(SolutionItems) = preProject
		.gitattributes = .gitattributes
		.gitignore = .gitignore
		AssemblyVersion.targets = AssemblyVersion.targets
		build.cmd = build.cmd
		Helios.targets = Helios.targets
		Helios Installer\HeliosInstallAdjustments.vbs = Helios Installer\HeliosInstallAdjustments.vbs
		HeliosPlugin.targets = HeliosPlugin.targets
		HeliosProjectReference.properties = HeliosProjectReference.properties
		install.cmd = install.cmd
		Platforms.properties = Platforms.properties
		PlatformsForPlugin.properties = PlatformsForPlugin.properties
		publish.cmd = publish.cmd
		uninstall.cmd = uninstall.cmd
	EndProjectSection
EndProject
Project("{2150E333-8FDC-42A3-9474-1A3956D46DE8}") = "Tools", "Tools", "{4BAD86A3-88DE-4AD6-B1E3-982D118CCB8D}"
EndProject
Project("{FAE04EC0-301F-11D3-BF4B-00C04F79EFBC}") = "GenerateTestMonitorSetup", "Tools\GenerateTestMonitorSetup\GenerateTestMonitorSetup.csproj", "{CF76C2FC-2BE1-4C8C-AE08-E538765C63EF}"
EndProject
Project("{FAE04EC0-301F-11D3-BF4B-00C04F79EFBC}") = "ToolsCommon", "Tools\ToolsCommon\ToolsCommon.csproj", "{B81321DB-0CD8-4E6D-843C-0461979EEE9D}"
EndProject
Project("{FAE04EC0-301F-11D3-BF4B-00C04F79EFBC}") = "Patching", "Patching\Patching.csproj", "{85E85BDF-EB98-4440-BC7D-52CD44176BD9}"
	ProjectSection(ProjectDependencies) = postProject
		{D17E62CB-E81A-412E-931B-CD4456151C40} = {D17E62CB-E81A-412E-931B-CD4456151C40}
	EndProjectSection
EndProject
Project("{2150E333-8FDC-42A3-9474-1A3956D46DE8}") = "ThirdParty", "ThirdParty", "{C8FEC79C-D618-482A-84E1-F07C5D220581}"
EndProject
Project("{FAE04EC0-301F-11D3-BF4B-00C04F79EFBC}") = "GoogleDiffMatchPatch", "ThirdParty\diff-match-patch\GoogleDiffMatchPatch.csproj", "{EFC42B48-44DD-4066-81F4-60C0D8104F7B}"
EndProject
Project("{FAE04EC0-301F-11D3-BF4B-00C04F79EFBC}") = "TestApplyPatches", "Tools\TestApplyPatches\TestApplyPatches.csproj", "{6977F474-C7E1-4CA3-880A-679ED43F1AAE}"
	ProjectSection(ProjectDependencies) = postProject
		{85E85BDF-EB98-4440-BC7D-52CD44176BD9} = {85E85BDF-EB98-4440-BC7D-52CD44176BD9}
		{DFD0A1EB-4B61-4A69-BCCA-BB0AB46088B1} = {DFD0A1EB-4B61-4A69-BCCA-BB0AB46088B1}
	EndProjectSection
EndProject
Project("{FAE04EC0-301F-11D3-BF4B-00C04F79EFBC}") = "GenerateSimulatorViewportTemplates", "Tools\GenerateSimulatorViewportTemplates\GenerateSimulatorViewportTemplates.csproj", "{D17E62CB-E81A-412E-931B-CD4456151C40}"
EndProject
Project("{FAE04EC0-301F-11D3-BF4B-00C04F79EFBC}") = "GoogleDiff", "Tools\GoogleDiff\GoogleDiff.csproj", "{E14DF324-9C86-48B8-9C67-CDBF30404758}"
EndProject
Project("{FAE04EC0-301F-11D3-BF4B-00C04F79EFBC}") = "EditViewports", "Tools\EditViewports\EditViewports.csproj", "{CC8E53BF-9DFB-4D6F-9B85-0994C9C0D49A}"
EndProject
Project("{FAE04EC0-301F-11D3-BF4B-00C04F79EFBC}") = "GeneratePatches", "Tools\GeneratePatches\GeneratePatches.csproj", "{DFD0A1EB-4B61-4A69-BCCA-BB0AB46088B1}"
EndProject
Project("{FAE04EC0-301F-11D3-BF4B-00C04F79EFBC}") = "SampleProgram", "Tools\SampleProgram\SampleProgram.csproj", "{E39821C7-ADBC-4FCF-9497-FD44A6FC2CE9}"
EndProject
Project("{FAE04EC0-301F-11D3-BF4B-00C04F79EFBC}") = "ResourcesAndPlugins", "ResourcesAndPlugins\ResourcesAndPlugins.csproj", "{EBC0933D-26DF-4199-AA44-D5ADBD449342}"
	ProjectSection(ProjectDependencies) = postProject
		{06BA10F4-279C-4E82-B77C-333706A617B9} = {06BA10F4-279C-4E82-B77C-333706A617B9}
		{0B1B0665-99D5-4990-994D-8F92A0E15299} = {0B1B0665-99D5-4990-994D-8F92A0E15299}
		{272BEDE5-F8DE-4C6A-9717-F1BAE7677E12} = {272BEDE5-F8DE-4C6A-9717-F1BAE7677E12}
		{2B00F04B-3CB2-44E7-B49B-DA94FF74C66C} = {2B00F04B-3CB2-44E7-B49B-DA94FF74C66C}
		{4080D4C3-3608-4C3F-A10E-077FAA5EA046} = {4080D4C3-3608-4C3F-A10E-077FAA5EA046}
		{4FDCE381-AA97-4C5E-B4CF-F9EC6792DD2C} = {4FDCE381-AA97-4C5E-B4CF-F9EC6792DD2C}
		{5326288B-FD5D-48D0-B310-AD66B9C8E777} = {5326288B-FD5D-48D0-B310-AD66B9C8E777}
		{5F79059E-6954-45C1-8929-27683551D25A} = {5F79059E-6954-45C1-8929-27683551D25A}
		{6297B32B-F34F-4610-9711-E7326907BA39} = {6297B32B-F34F-4610-9711-E7326907BA39}
		{80870108-EFE4-4ADF-969D-A0CE06123271} = {80870108-EFE4-4ADF-969D-A0CE06123271}
		{85E85BDF-EB98-4440-BC7D-52CD44176BD9} = {85E85BDF-EB98-4440-BC7D-52CD44176BD9}
		{A7237E1E-B363-491D-9B78-BD46CCE689AA} = {A7237E1E-B363-491D-9B78-BD46CCE689AA}
		{BD8B2678-7D32-4E3D-8A9D-CA1CE201285F} = {BD8B2678-7D32-4E3D-8A9D-CA1CE201285F}
		{E5ABE3F5-46EC-46D1-9330-D42311471A93} = {E5ABE3F5-46EC-46D1-9330-D42311471A93}
		{FA46EA48-0C04-415B-B4AE-9E5DA8445496} = {FA46EA48-0C04-415B-B4AE-9E5DA8445496}
	EndProjectSection
EndProject
Project("{FAE04EC0-301F-11D3-BF4B-00C04F79EFBC}") = "HeliosFalcon", "HeliosFalcon\HeliosFalcon.csproj", "{A7237E1E-B363-491D-9B78-BD46CCE689AA}"
EndProject
Project("{54435603-DBB4-11D2-8724-00A0C9A8B90C}") = "Helios32bit Installer", "Helios Installer\Helios32bit Installer.vdproj", "{0955C887-5BB4-4C84-8F9D-27ED111B527D}"
EndProject
Project("{54435603-DBB4-11D2-8724-00A0C9A8B90C}") = "Tools Installer", "Tools Installer\Tools Installer.vdproj", "{3C06B585-FC4B-48D3-8867-0441FF757153}"
EndProject
Project("{FAE04EC0-301F-11D3-BF4B-00C04F79EFBC}") = "PatchingElevatedExecutable", "PatchingElevatedExecutable\PatchingElevatedExecutable.csproj", "{4080D4C3-3608-4C3F-A10E-077FAA5EA046}"
EndProject
Project("{FAE04EC0-301F-11D3-BF4B-00C04F79EFBC}") = "HeliosProcessControl", "HeliosProcessControl\HeliosProcessControl.csproj", "{FA46EA48-0C04-415B-B4AE-9E5DA8445496}"
EndProject
Project("{FAE04EC0-301F-11D3-BF4B-00C04F79EFBC}") = "HeliosInstallerSupport", "HeliosInstallerSupport\HeliosInstallerSupport.csproj", "{272BEDE5-F8DE-4C6A-9717-F1BAE7677E12}"
EndProject
Project("{FAE04EC0-301F-11D3-BF4B-00C04F79EFBC}") = "TestInstallerSupport", "Tools\TestInstallerSupport\TestInstallerSupport.csproj", "{9CA5E376-5653-4B71-B58B-1685B8227790}"
EndProject
Project("{FAE04EC0-301F-11D3-BF4B-00C04F79EFBC}") = "ProfileEditorTools", "Tools\ProfileEditorTools\ProfileEditorTools.csproj", "{5326288B-FD5D-48D0-B310-AD66B9C8E777}"
EndProject
Project("{FAE04EC0-301F-11D3-BF4B-00C04F79EFBC}") = "InterfaceFiles", "InterfaceFiles\InterfaceFiles.csproj", "{6297B32B-F34F-4610-9711-E7326907BA39}"
EndProject
Project("{FAE04EC0-301F-11D3-BF4B-00C04F79EFBC}") = "HeliosMacroBoard", "HeliosMacroBoard\HeliosMacroBoard.csproj", "{0B1B0665-99D5-4990-994D-8F92A0E15299}"
EndProject
Project("{9A19103F-16F7-4668-BE54-9A1E7A4F7556}") = "OpenMacroBoard.SDK", "Thirdparty\OpenMacroBoard.SDK\src\OpenMacroBoard.SDK\OpenMacroBoard.SDK.csproj", "{3E28549C-C22E-4545-A13D-32981A39AE91}"
EndProject
Project("{9A19103F-16F7-4668-BE54-9A1E7A4F7556}") = "StreamDeckSharp", "Thirdparty\StreamDeckSharp\src\StreamDeckSharp\StreamDeckSharp.csproj", "{7BECB623-5EB3-44E4-B702-58EC3777F284}"
EndProject
Project("{9A19103F-16F7-4668-BE54-9A1E7A4F7556}") = "OpenMacroBoard.VirtualBoard", "Thirdparty\OpenMacroBoard.SDK\src\OpenMacroBoard.VirtualBoard\OpenMacroBoard.VirtualBoard.csproj", "{94715B35-6F71-403B-84D1-9839C017CED6}"
EndProject
Global
	GlobalSection(SolutionConfigurationPlatforms) = preSolution
		Debug|AnyCPU = Debug|AnyCPU
		Debug|AnyCPU32 = Debug|AnyCPU32
		Debug|x64 = Debug|x64
		JustInstallers|AnyCPU = JustInstallers|AnyCPU
		JustInstallers|AnyCPU32 = JustInstallers|AnyCPU32
		JustInstallers|x64 = JustInstallers|x64
		NoInstallers|AnyCPU = NoInstallers|AnyCPU
		NoInstallers|AnyCPU32 = NoInstallers|AnyCPU32
		NoInstallers|x64 = NoInstallers|x64
		Release|AnyCPU = Release|AnyCPU
		Release|AnyCPU32 = Release|AnyCPU32
		Release|x64 = Release|x64
	EndGlobalSection
	GlobalSection(ProjectConfigurationPlatforms) = postSolution
		{2B00F04B-3CB2-44E7-B49B-DA94FF74C66C}.Debug|AnyCPU.ActiveCfg = Debug|Any CPU
		{2B00F04B-3CB2-44E7-B49B-DA94FF74C66C}.Debug|AnyCPU.Build.0 = Debug|Any CPU
		{2B00F04B-3CB2-44E7-B49B-DA94FF74C66C}.Debug|AnyCPU32.ActiveCfg = Debug|AnyCPU32
		{2B00F04B-3CB2-44E7-B49B-DA94FF74C66C}.Debug|AnyCPU32.Build.0 = Debug|AnyCPU32
		{2B00F04B-3CB2-44E7-B49B-DA94FF74C66C}.Debug|x64.ActiveCfg = Debug|x64
		{2B00F04B-3CB2-44E7-B49B-DA94FF74C66C}.Debug|x64.Build.0 = Debug|x64
		{2B00F04B-3CB2-44E7-B49B-DA94FF74C66C}.JustInstallers|AnyCPU.ActiveCfg = Release|Any CPU
		{2B00F04B-3CB2-44E7-B49B-DA94FF74C66C}.JustInstallers|AnyCPU32.ActiveCfg = Release|AnyCPU32
		{2B00F04B-3CB2-44E7-B49B-DA94FF74C66C}.JustInstallers|x64.ActiveCfg = Release|x64
		{2B00F04B-3CB2-44E7-B49B-DA94FF74C66C}.NoInstallers|AnyCPU.ActiveCfg = Release|Any CPU
		{2B00F04B-3CB2-44E7-B49B-DA94FF74C66C}.NoInstallers|AnyCPU.Build.0 = Release|Any CPU
		{2B00F04B-3CB2-44E7-B49B-DA94FF74C66C}.NoInstallers|AnyCPU32.ActiveCfg = Release|AnyCPU32
		{2B00F04B-3CB2-44E7-B49B-DA94FF74C66C}.NoInstallers|AnyCPU32.Build.0 = Release|AnyCPU32
		{2B00F04B-3CB2-44E7-B49B-DA94FF74C66C}.NoInstallers|x64.ActiveCfg = Release|x64
		{2B00F04B-3CB2-44E7-B49B-DA94FF74C66C}.NoInstallers|x64.Build.0 = Release|x64
		{2B00F04B-3CB2-44E7-B49B-DA94FF74C66C}.Release|AnyCPU.ActiveCfg = Release|Any CPU
		{2B00F04B-3CB2-44E7-B49B-DA94FF74C66C}.Release|AnyCPU.Build.0 = Release|Any CPU
		{2B00F04B-3CB2-44E7-B49B-DA94FF74C66C}.Release|AnyCPU32.ActiveCfg = Release|AnyCPU32
		{2B00F04B-3CB2-44E7-B49B-DA94FF74C66C}.Release|AnyCPU32.Build.0 = Release|AnyCPU32
		{2B00F04B-3CB2-44E7-B49B-DA94FF74C66C}.Release|x64.ActiveCfg = Release|x64
		{2B00F04B-3CB2-44E7-B49B-DA94FF74C66C}.Release|x64.Build.0 = Release|x64
		{BD8B2678-7D32-4E3D-8A9D-CA1CE201285F}.Debug|AnyCPU.ActiveCfg = Debug|Any CPU
		{BD8B2678-7D32-4E3D-8A9D-CA1CE201285F}.Debug|AnyCPU.Build.0 = Debug|Any CPU
		{BD8B2678-7D32-4E3D-8A9D-CA1CE201285F}.Debug|AnyCPU32.ActiveCfg = Debug|AnyCPU32
		{BD8B2678-7D32-4E3D-8A9D-CA1CE201285F}.Debug|AnyCPU32.Build.0 = Debug|AnyCPU32
		{BD8B2678-7D32-4E3D-8A9D-CA1CE201285F}.Debug|x64.ActiveCfg = Debug|x64
		{BD8B2678-7D32-4E3D-8A9D-CA1CE201285F}.Debug|x64.Build.0 = Debug|x64
		{BD8B2678-7D32-4E3D-8A9D-CA1CE201285F}.JustInstallers|AnyCPU.ActiveCfg = Release|Any CPU
		{BD8B2678-7D32-4E3D-8A9D-CA1CE201285F}.JustInstallers|AnyCPU32.ActiveCfg = Release|AnyCPU32
		{BD8B2678-7D32-4E3D-8A9D-CA1CE201285F}.JustInstallers|x64.ActiveCfg = Release|x64
		{BD8B2678-7D32-4E3D-8A9D-CA1CE201285F}.NoInstallers|AnyCPU.ActiveCfg = Release|Any CPU
		{BD8B2678-7D32-4E3D-8A9D-CA1CE201285F}.NoInstallers|AnyCPU.Build.0 = Release|Any CPU
		{BD8B2678-7D32-4E3D-8A9D-CA1CE201285F}.NoInstallers|AnyCPU32.ActiveCfg = Release|AnyCPU32
		{BD8B2678-7D32-4E3D-8A9D-CA1CE201285F}.NoInstallers|AnyCPU32.Build.0 = Release|AnyCPU32
		{BD8B2678-7D32-4E3D-8A9D-CA1CE201285F}.NoInstallers|x64.ActiveCfg = Release|x64
		{BD8B2678-7D32-4E3D-8A9D-CA1CE201285F}.NoInstallers|x64.Build.0 = Release|x64
		{BD8B2678-7D32-4E3D-8A9D-CA1CE201285F}.Release|AnyCPU.ActiveCfg = Release|Any CPU
		{BD8B2678-7D32-4E3D-8A9D-CA1CE201285F}.Release|AnyCPU.Build.0 = Release|Any CPU
		{BD8B2678-7D32-4E3D-8A9D-CA1CE201285F}.Release|AnyCPU32.ActiveCfg = Release|AnyCPU32
		{BD8B2678-7D32-4E3D-8A9D-CA1CE201285F}.Release|AnyCPU32.Build.0 = Release|AnyCPU32
		{BD8B2678-7D32-4E3D-8A9D-CA1CE201285F}.Release|x64.ActiveCfg = Release|x64
		{BD8B2678-7D32-4E3D-8A9D-CA1CE201285F}.Release|x64.Build.0 = Release|x64
		{4FDCE381-AA97-4C5E-B4CF-F9EC6792DD2C}.Debug|AnyCPU.ActiveCfg = Debug|Any CPU
		{4FDCE381-AA97-4C5E-B4CF-F9EC6792DD2C}.Debug|AnyCPU.Build.0 = Debug|Any CPU
		{4FDCE381-AA97-4C5E-B4CF-F9EC6792DD2C}.Debug|AnyCPU32.ActiveCfg = Debug|AnyCPU32
		{4FDCE381-AA97-4C5E-B4CF-F9EC6792DD2C}.Debug|AnyCPU32.Build.0 = Debug|AnyCPU32
		{4FDCE381-AA97-4C5E-B4CF-F9EC6792DD2C}.Debug|x64.ActiveCfg = Debug|x64
		{4FDCE381-AA97-4C5E-B4CF-F9EC6792DD2C}.Debug|x64.Build.0 = Debug|x64
		{4FDCE381-AA97-4C5E-B4CF-F9EC6792DD2C}.JustInstallers|AnyCPU.ActiveCfg = Release|Any CPU
		{4FDCE381-AA97-4C5E-B4CF-F9EC6792DD2C}.JustInstallers|AnyCPU32.ActiveCfg = Release|AnyCPU32
		{4FDCE381-AA97-4C5E-B4CF-F9EC6792DD2C}.JustInstallers|x64.ActiveCfg = Release|x64
		{4FDCE381-AA97-4C5E-B4CF-F9EC6792DD2C}.NoInstallers|AnyCPU.ActiveCfg = Release|Any CPU
		{4FDCE381-AA97-4C5E-B4CF-F9EC6792DD2C}.NoInstallers|AnyCPU.Build.0 = Release|Any CPU
		{4FDCE381-AA97-4C5E-B4CF-F9EC6792DD2C}.NoInstallers|AnyCPU32.ActiveCfg = Release|AnyCPU32
		{4FDCE381-AA97-4C5E-B4CF-F9EC6792DD2C}.NoInstallers|AnyCPU32.Build.0 = Release|AnyCPU32
		{4FDCE381-AA97-4C5E-B4CF-F9EC6792DD2C}.NoInstallers|x64.ActiveCfg = Release|x64
		{4FDCE381-AA97-4C5E-B4CF-F9EC6792DD2C}.NoInstallers|x64.Build.0 = Release|x64
		{4FDCE381-AA97-4C5E-B4CF-F9EC6792DD2C}.Release|AnyCPU.ActiveCfg = Release|Any CPU
		{4FDCE381-AA97-4C5E-B4CF-F9EC6792DD2C}.Release|AnyCPU.Build.0 = Release|Any CPU
		{4FDCE381-AA97-4C5E-B4CF-F9EC6792DD2C}.Release|AnyCPU32.ActiveCfg = Release|AnyCPU32
		{4FDCE381-AA97-4C5E-B4CF-F9EC6792DD2C}.Release|AnyCPU32.Build.0 = Release|AnyCPU32
		{4FDCE381-AA97-4C5E-B4CF-F9EC6792DD2C}.Release|x64.ActiveCfg = Release|x64
		{4FDCE381-AA97-4C5E-B4CF-F9EC6792DD2C}.Release|x64.Build.0 = Release|x64
		{E5ABE3F5-46EC-46D1-9330-D42311471A93}.Debug|AnyCPU.ActiveCfg = Debug|Any CPU
		{E5ABE3F5-46EC-46D1-9330-D42311471A93}.Debug|AnyCPU.Build.0 = Debug|Any CPU
		{E5ABE3F5-46EC-46D1-9330-D42311471A93}.Debug|AnyCPU32.ActiveCfg = Debug|AnyCPU32
		{E5ABE3F5-46EC-46D1-9330-D42311471A93}.Debug|AnyCPU32.Build.0 = Debug|AnyCPU32
		{E5ABE3F5-46EC-46D1-9330-D42311471A93}.Debug|x64.ActiveCfg = Debug|x64
		{E5ABE3F5-46EC-46D1-9330-D42311471A93}.Debug|x64.Build.0 = Debug|x64
		{E5ABE3F5-46EC-46D1-9330-D42311471A93}.JustInstallers|AnyCPU.ActiveCfg = Release|Any CPU
		{E5ABE3F5-46EC-46D1-9330-D42311471A93}.JustInstallers|AnyCPU32.ActiveCfg = Release|AnyCPU32
		{E5ABE3F5-46EC-46D1-9330-D42311471A93}.JustInstallers|x64.ActiveCfg = Release|x64
		{E5ABE3F5-46EC-46D1-9330-D42311471A93}.NoInstallers|AnyCPU.ActiveCfg = Release|Any CPU
		{E5ABE3F5-46EC-46D1-9330-D42311471A93}.NoInstallers|AnyCPU.Build.0 = Release|Any CPU
		{E5ABE3F5-46EC-46D1-9330-D42311471A93}.NoInstallers|AnyCPU32.ActiveCfg = Release|AnyCPU32
		{E5ABE3F5-46EC-46D1-9330-D42311471A93}.NoInstallers|AnyCPU32.Build.0 = Release|AnyCPU32
		{E5ABE3F5-46EC-46D1-9330-D42311471A93}.NoInstallers|x64.ActiveCfg = Release|x64
		{E5ABE3F5-46EC-46D1-9330-D42311471A93}.NoInstallers|x64.Build.0 = Release|x64
		{E5ABE3F5-46EC-46D1-9330-D42311471A93}.Release|AnyCPU.ActiveCfg = Release|Any CPU
		{E5ABE3F5-46EC-46D1-9330-D42311471A93}.Release|AnyCPU.Build.0 = Release|Any CPU
		{E5ABE3F5-46EC-46D1-9330-D42311471A93}.Release|AnyCPU32.ActiveCfg = Release|AnyCPU32
		{E5ABE3F5-46EC-46D1-9330-D42311471A93}.Release|AnyCPU32.Build.0 = Release|AnyCPU32
		{E5ABE3F5-46EC-46D1-9330-D42311471A93}.Release|x64.ActiveCfg = Release|x64
		{E5ABE3F5-46EC-46D1-9330-D42311471A93}.Release|x64.Build.0 = Release|x64
		{3AF089A2-9DA0-40C3-AD3A-92253F497BC8}.Debug|AnyCPU.ActiveCfg = Debug|Any CPU
		{3AF089A2-9DA0-40C3-AD3A-92253F497BC8}.Debug|AnyCPU.Build.0 = Debug|Any CPU
		{3AF089A2-9DA0-40C3-AD3A-92253F497BC8}.Debug|AnyCPU32.ActiveCfg = Debug|AnyCPU32
		{3AF089A2-9DA0-40C3-AD3A-92253F497BC8}.Debug|AnyCPU32.Build.0 = Debug|AnyCPU32
		{3AF089A2-9DA0-40C3-AD3A-92253F497BC8}.Debug|x64.ActiveCfg = Debug|x64
		{3AF089A2-9DA0-40C3-AD3A-92253F497BC8}.Debug|x64.Build.0 = Debug|x64
		{3AF089A2-9DA0-40C3-AD3A-92253F497BC8}.JustInstallers|AnyCPU.ActiveCfg = Release|Any CPU
		{3AF089A2-9DA0-40C3-AD3A-92253F497BC8}.JustInstallers|AnyCPU32.ActiveCfg = Release|AnyCPU32
		{3AF089A2-9DA0-40C3-AD3A-92253F497BC8}.JustInstallers|x64.ActiveCfg = Release|x64
		{3AF089A2-9DA0-40C3-AD3A-92253F497BC8}.NoInstallers|AnyCPU.ActiveCfg = Release|Any CPU
		{3AF089A2-9DA0-40C3-AD3A-92253F497BC8}.NoInstallers|AnyCPU.Build.0 = Release|Any CPU
		{3AF089A2-9DA0-40C3-AD3A-92253F497BC8}.NoInstallers|AnyCPU32.ActiveCfg = Release|AnyCPU32
		{3AF089A2-9DA0-40C3-AD3A-92253F497BC8}.NoInstallers|AnyCPU32.Build.0 = Release|AnyCPU32
		{3AF089A2-9DA0-40C3-AD3A-92253F497BC8}.NoInstallers|x64.ActiveCfg = Release|x64
		{3AF089A2-9DA0-40C3-AD3A-92253F497BC8}.NoInstallers|x64.Build.0 = Release|x64
		{3AF089A2-9DA0-40C3-AD3A-92253F497BC8}.Release|AnyCPU.ActiveCfg = Release|Any CPU
		{3AF089A2-9DA0-40C3-AD3A-92253F497BC8}.Release|AnyCPU.Build.0 = Release|Any CPU
		{3AF089A2-9DA0-40C3-AD3A-92253F497BC8}.Release|AnyCPU32.ActiveCfg = Release|AnyCPU32
		{3AF089A2-9DA0-40C3-AD3A-92253F497BC8}.Release|AnyCPU32.Build.0 = Release|AnyCPU32
		{3AF089A2-9DA0-40C3-AD3A-92253F497BC8}.Release|x64.ActiveCfg = Release|x64
		{3AF089A2-9DA0-40C3-AD3A-92253F497BC8}.Release|x64.Build.0 = Release|x64
		{80D80B0F-0DC0-49E2-97C2-3CC6436FA61F}.Debug|AnyCPU.ActiveCfg = Debug|Any CPU
		{80D80B0F-0DC0-49E2-97C2-3CC6436FA61F}.Debug|AnyCPU.Build.0 = Debug|Any CPU
		{80D80B0F-0DC0-49E2-97C2-3CC6436FA61F}.Debug|AnyCPU32.ActiveCfg = Debug|AnyCPU32
		{80D80B0F-0DC0-49E2-97C2-3CC6436FA61F}.Debug|AnyCPU32.Build.0 = Debug|AnyCPU32
		{80D80B0F-0DC0-49E2-97C2-3CC6436FA61F}.Debug|x64.ActiveCfg = Debug|x64
		{80D80B0F-0DC0-49E2-97C2-3CC6436FA61F}.Debug|x64.Build.0 = Debug|x64
		{80D80B0F-0DC0-49E2-97C2-3CC6436FA61F}.JustInstallers|AnyCPU.ActiveCfg = Release|Any CPU
		{80D80B0F-0DC0-49E2-97C2-3CC6436FA61F}.JustInstallers|AnyCPU32.ActiveCfg = Release|AnyCPU32
		{80D80B0F-0DC0-49E2-97C2-3CC6436FA61F}.JustInstallers|x64.ActiveCfg = Release|x64
		{80D80B0F-0DC0-49E2-97C2-3CC6436FA61F}.NoInstallers|AnyCPU.ActiveCfg = Release|Any CPU
		{80D80B0F-0DC0-49E2-97C2-3CC6436FA61F}.NoInstallers|AnyCPU.Build.0 = Release|Any CPU
		{80D80B0F-0DC0-49E2-97C2-3CC6436FA61F}.NoInstallers|AnyCPU32.ActiveCfg = Release|AnyCPU32
		{80D80B0F-0DC0-49E2-97C2-3CC6436FA61F}.NoInstallers|AnyCPU32.Build.0 = Release|AnyCPU32
		{80D80B0F-0DC0-49E2-97C2-3CC6436FA61F}.NoInstallers|x64.ActiveCfg = Release|x64
		{80D80B0F-0DC0-49E2-97C2-3CC6436FA61F}.NoInstallers|x64.Build.0 = Release|x64
		{80D80B0F-0DC0-49E2-97C2-3CC6436FA61F}.Release|AnyCPU.ActiveCfg = Release|Any CPU
		{80D80B0F-0DC0-49E2-97C2-3CC6436FA61F}.Release|AnyCPU.Build.0 = Release|Any CPU
		{80D80B0F-0DC0-49E2-97C2-3CC6436FA61F}.Release|AnyCPU32.ActiveCfg = Release|AnyCPU32
		{80D80B0F-0DC0-49E2-97C2-3CC6436FA61F}.Release|AnyCPU32.Build.0 = Release|AnyCPU32
		{80D80B0F-0DC0-49E2-97C2-3CC6436FA61F}.Release|x64.ActiveCfg = Release|x64
		{80D80B0F-0DC0-49E2-97C2-3CC6436FA61F}.Release|x64.Build.0 = Release|x64
		{06BA10F4-279C-4E82-B77C-333706A617B9}.Debug|AnyCPU.ActiveCfg = Debug|Any CPU
		{06BA10F4-279C-4E82-B77C-333706A617B9}.Debug|AnyCPU.Build.0 = Debug|Any CPU
		{06BA10F4-279C-4E82-B77C-333706A617B9}.Debug|AnyCPU32.ActiveCfg = Debug|AnyCPU32
		{06BA10F4-279C-4E82-B77C-333706A617B9}.Debug|AnyCPU32.Build.0 = Debug|AnyCPU32
		{06BA10F4-279C-4E82-B77C-333706A617B9}.Debug|x64.ActiveCfg = Debug|x64
		{06BA10F4-279C-4E82-B77C-333706A617B9}.Debug|x64.Build.0 = Debug|x64
		{06BA10F4-279C-4E82-B77C-333706A617B9}.JustInstallers|AnyCPU.ActiveCfg = Release|Any CPU
		{06BA10F4-279C-4E82-B77C-333706A617B9}.JustInstallers|AnyCPU32.ActiveCfg = Release|AnyCPU32
		{06BA10F4-279C-4E82-B77C-333706A617B9}.JustInstallers|x64.ActiveCfg = Release|x64
		{06BA10F4-279C-4E82-B77C-333706A617B9}.NoInstallers|AnyCPU.ActiveCfg = Release|Any CPU
		{06BA10F4-279C-4E82-B77C-333706A617B9}.NoInstallers|AnyCPU.Build.0 = Release|Any CPU
		{06BA10F4-279C-4E82-B77C-333706A617B9}.NoInstallers|AnyCPU32.ActiveCfg = Release|AnyCPU32
		{06BA10F4-279C-4E82-B77C-333706A617B9}.NoInstallers|AnyCPU32.Build.0 = Release|AnyCPU32
		{06BA10F4-279C-4E82-B77C-333706A617B9}.NoInstallers|x64.ActiveCfg = Release|x64
		{06BA10F4-279C-4E82-B77C-333706A617B9}.NoInstallers|x64.Build.0 = Release|x64
		{06BA10F4-279C-4E82-B77C-333706A617B9}.Release|AnyCPU.ActiveCfg = Release|Any CPU
		{06BA10F4-279C-4E82-B77C-333706A617B9}.Release|AnyCPU.Build.0 = Release|Any CPU
		{06BA10F4-279C-4E82-B77C-333706A617B9}.Release|AnyCPU32.ActiveCfg = Release|AnyCPU32
		{06BA10F4-279C-4E82-B77C-333706A617B9}.Release|AnyCPU32.Build.0 = Release|AnyCPU32
		{06BA10F4-279C-4E82-B77C-333706A617B9}.Release|x64.ActiveCfg = Release|x64
		{06BA10F4-279C-4E82-B77C-333706A617B9}.Release|x64.Build.0 = Release|x64
		{5F79059E-6954-45C1-8929-27683551D25A}.Debug|AnyCPU.ActiveCfg = Debug|Any CPU
		{5F79059E-6954-45C1-8929-27683551D25A}.Debug|AnyCPU.Build.0 = Debug|Any CPU
		{5F79059E-6954-45C1-8929-27683551D25A}.Debug|AnyCPU32.ActiveCfg = Debug|AnyCPU32
		{5F79059E-6954-45C1-8929-27683551D25A}.Debug|AnyCPU32.Build.0 = Debug|AnyCPU32
		{5F79059E-6954-45C1-8929-27683551D25A}.Debug|x64.ActiveCfg = Debug|x64
		{5F79059E-6954-45C1-8929-27683551D25A}.Debug|x64.Build.0 = Debug|x64
		{5F79059E-6954-45C1-8929-27683551D25A}.JustInstallers|AnyCPU.ActiveCfg = Release|Any CPU
		{5F79059E-6954-45C1-8929-27683551D25A}.JustInstallers|AnyCPU32.ActiveCfg = Release|AnyCPU32
		{5F79059E-6954-45C1-8929-27683551D25A}.JustInstallers|x64.ActiveCfg = Release|x64
		{5F79059E-6954-45C1-8929-27683551D25A}.NoInstallers|AnyCPU.ActiveCfg = Release|Any CPU
		{5F79059E-6954-45C1-8929-27683551D25A}.NoInstallers|AnyCPU.Build.0 = Release|Any CPU
		{5F79059E-6954-45C1-8929-27683551D25A}.NoInstallers|AnyCPU32.ActiveCfg = Release|AnyCPU32
		{5F79059E-6954-45C1-8929-27683551D25A}.NoInstallers|AnyCPU32.Build.0 = Release|AnyCPU32
		{5F79059E-6954-45C1-8929-27683551D25A}.NoInstallers|x64.ActiveCfg = Release|x64
		{5F79059E-6954-45C1-8929-27683551D25A}.NoInstallers|x64.Build.0 = Release|x64
		{5F79059E-6954-45C1-8929-27683551D25A}.Release|AnyCPU.ActiveCfg = Release|Any CPU
		{5F79059E-6954-45C1-8929-27683551D25A}.Release|AnyCPU.Build.0 = Release|Any CPU
		{5F79059E-6954-45C1-8929-27683551D25A}.Release|AnyCPU32.ActiveCfg = Release|AnyCPU32
		{5F79059E-6954-45C1-8929-27683551D25A}.Release|AnyCPU32.Build.0 = Release|AnyCPU32
		{5F79059E-6954-45C1-8929-27683551D25A}.Release|x64.ActiveCfg = Release|x64
		{5F79059E-6954-45C1-8929-27683551D25A}.Release|x64.Build.0 = Release|x64
		{61272BD1-E670-45CC-918B-1208B837F4DC}.Debug|AnyCPU.ActiveCfg = Debug
		{61272BD1-E670-45CC-918B-1208B837F4DC}.Debug|AnyCPU32.ActiveCfg = Release
		{61272BD1-E670-45CC-918B-1208B837F4DC}.Debug|x64.ActiveCfg = Debug
		{61272BD1-E670-45CC-918B-1208B837F4DC}.JustInstallers|AnyCPU.ActiveCfg = Release
		{61272BD1-E670-45CC-918B-1208B837F4DC}.JustInstallers|AnyCPU.Build.0 = Release
		{61272BD1-E670-45CC-918B-1208B837F4DC}.JustInstallers|AnyCPU32.ActiveCfg = Release
		{61272BD1-E670-45CC-918B-1208B837F4DC}.JustInstallers|x64.ActiveCfg = Release
		{61272BD1-E670-45CC-918B-1208B837F4DC}.JustInstallers|x64.Build.0 = Release
		{61272BD1-E670-45CC-918B-1208B837F4DC}.NoInstallers|AnyCPU.ActiveCfg = Release
		{61272BD1-E670-45CC-918B-1208B837F4DC}.NoInstallers|AnyCPU32.ActiveCfg = Release
		{61272BD1-E670-45CC-918B-1208B837F4DC}.NoInstallers|x64.ActiveCfg = Release
		{61272BD1-E670-45CC-918B-1208B837F4DC}.Release|AnyCPU.ActiveCfg = Release
		{61272BD1-E670-45CC-918B-1208B837F4DC}.Release|AnyCPU.Build.0 = Release
		{61272BD1-E670-45CC-918B-1208B837F4DC}.Release|AnyCPU32.ActiveCfg = Release
		{61272BD1-E670-45CC-918B-1208B837F4DC}.Release|x64.ActiveCfg = Release
		{61272BD1-E670-45CC-918B-1208B837F4DC}.Release|x64.Build.0 = Release
		{3EBE3C85-C79E-42EF-AA07-EEDA5990205B}.Debug|AnyCPU.ActiveCfg = Release
		{3EBE3C85-C79E-42EF-AA07-EEDA5990205B}.Debug|AnyCPU32.ActiveCfg = Release
		{3EBE3C85-C79E-42EF-AA07-EEDA5990205B}.Debug|AnyCPU32.Build.0 = Release
		{3EBE3C85-C79E-42EF-AA07-EEDA5990205B}.Debug|x64.ActiveCfg = Release
		{3EBE3C85-C79E-42EF-AA07-EEDA5990205B}.JustInstallers|AnyCPU.ActiveCfg = Release
		{3EBE3C85-C79E-42EF-AA07-EEDA5990205B}.JustInstallers|AnyCPU.Build.0 = Release
		{3EBE3C85-C79E-42EF-AA07-EEDA5990205B}.JustInstallers|AnyCPU32.ActiveCfg = Release
		{3EBE3C85-C79E-42EF-AA07-EEDA5990205B}.JustInstallers|x64.ActiveCfg = Release
		{3EBE3C85-C79E-42EF-AA07-EEDA5990205B}.JustInstallers|x64.Build.0 = Release
		{3EBE3C85-C79E-42EF-AA07-EEDA5990205B}.NoInstallers|AnyCPU.ActiveCfg = Release
		{3EBE3C85-C79E-42EF-AA07-EEDA5990205B}.NoInstallers|AnyCPU32.ActiveCfg = Release
		{3EBE3C85-C79E-42EF-AA07-EEDA5990205B}.NoInstallers|x64.ActiveCfg = Release
		{3EBE3C85-C79E-42EF-AA07-EEDA5990205B}.Release|AnyCPU.ActiveCfg = Release
		{3EBE3C85-C79E-42EF-AA07-EEDA5990205B}.Release|AnyCPU32.ActiveCfg = Release
		{3EBE3C85-C79E-42EF-AA07-EEDA5990205B}.Release|x64.ActiveCfg = Release
		{3EBE3C85-C79E-42EF-AA07-EEDA5990205B}.Release|x64.Build.0 = Release
		{80870108-EFE4-4ADF-969D-A0CE06123271}.Debug|AnyCPU.ActiveCfg = Debug|Any CPU
		{80870108-EFE4-4ADF-969D-A0CE06123271}.Debug|AnyCPU.Build.0 = Debug|Any CPU
		{80870108-EFE4-4ADF-969D-A0CE06123271}.Debug|AnyCPU32.ActiveCfg = Debug|AnyCPU32
		{80870108-EFE4-4ADF-969D-A0CE06123271}.Debug|AnyCPU32.Build.0 = Debug|AnyCPU32
		{80870108-EFE4-4ADF-969D-A0CE06123271}.Debug|x64.ActiveCfg = Debug|x64
		{80870108-EFE4-4ADF-969D-A0CE06123271}.Debug|x64.Build.0 = Debug|x64
		{80870108-EFE4-4ADF-969D-A0CE06123271}.JustInstallers|AnyCPU.ActiveCfg = Release|Any CPU
		{80870108-EFE4-4ADF-969D-A0CE06123271}.JustInstallers|AnyCPU32.ActiveCfg = Release|AnyCPU32
		{80870108-EFE4-4ADF-969D-A0CE06123271}.JustInstallers|x64.ActiveCfg = Release|x64
		{80870108-EFE4-4ADF-969D-A0CE06123271}.NoInstallers|AnyCPU.ActiveCfg = Release|Any CPU
		{80870108-EFE4-4ADF-969D-A0CE06123271}.NoInstallers|AnyCPU.Build.0 = Release|Any CPU
		{80870108-EFE4-4ADF-969D-A0CE06123271}.NoInstallers|AnyCPU32.ActiveCfg = Release|AnyCPU32
		{80870108-EFE4-4ADF-969D-A0CE06123271}.NoInstallers|AnyCPU32.Build.0 = Release|AnyCPU32
		{80870108-EFE4-4ADF-969D-A0CE06123271}.NoInstallers|x64.ActiveCfg = Release|x64
		{80870108-EFE4-4ADF-969D-A0CE06123271}.NoInstallers|x64.Build.0 = Release|x64
		{80870108-EFE4-4ADF-969D-A0CE06123271}.Release|AnyCPU.ActiveCfg = Release|Any CPU
		{80870108-EFE4-4ADF-969D-A0CE06123271}.Release|AnyCPU.Build.0 = Release|Any CPU
		{80870108-EFE4-4ADF-969D-A0CE06123271}.Release|AnyCPU32.ActiveCfg = Release|AnyCPU32
		{80870108-EFE4-4ADF-969D-A0CE06123271}.Release|AnyCPU32.Build.0 = Release|AnyCPU32
		{80870108-EFE4-4ADF-969D-A0CE06123271}.Release|x64.ActiveCfg = Release|x64
		{80870108-EFE4-4ADF-969D-A0CE06123271}.Release|x64.Build.0 = Release|x64
		{CF76C2FC-2BE1-4C8C-AE08-E538765C63EF}.Debug|AnyCPU.ActiveCfg = Debug|Any CPU
		{CF76C2FC-2BE1-4C8C-AE08-E538765C63EF}.Debug|AnyCPU.Build.0 = Debug|Any CPU
		{CF76C2FC-2BE1-4C8C-AE08-E538765C63EF}.Debug|AnyCPU32.ActiveCfg = Debug|AnyCPU32
		{CF76C2FC-2BE1-4C8C-AE08-E538765C63EF}.Debug|AnyCPU32.Build.0 = Debug|AnyCPU32
		{CF76C2FC-2BE1-4C8C-AE08-E538765C63EF}.Debug|x64.ActiveCfg = Debug|x64
		{CF76C2FC-2BE1-4C8C-AE08-E538765C63EF}.Debug|x64.Build.0 = Debug|x64
		{CF76C2FC-2BE1-4C8C-AE08-E538765C63EF}.JustInstallers|AnyCPU.ActiveCfg = Release|Any CPU
		{CF76C2FC-2BE1-4C8C-AE08-E538765C63EF}.JustInstallers|AnyCPU32.ActiveCfg = Release|AnyCPU32
		{CF76C2FC-2BE1-4C8C-AE08-E538765C63EF}.JustInstallers|x64.ActiveCfg = Release|x64
		{CF76C2FC-2BE1-4C8C-AE08-E538765C63EF}.NoInstallers|AnyCPU.ActiveCfg = Release|Any CPU
		{CF76C2FC-2BE1-4C8C-AE08-E538765C63EF}.NoInstallers|AnyCPU.Build.0 = Release|Any CPU
		{CF76C2FC-2BE1-4C8C-AE08-E538765C63EF}.NoInstallers|AnyCPU32.ActiveCfg = Release|AnyCPU32
		{CF76C2FC-2BE1-4C8C-AE08-E538765C63EF}.NoInstallers|AnyCPU32.Build.0 = Release|AnyCPU32
		{CF76C2FC-2BE1-4C8C-AE08-E538765C63EF}.NoInstallers|x64.ActiveCfg = Release|x64
		{CF76C2FC-2BE1-4C8C-AE08-E538765C63EF}.NoInstallers|x64.Build.0 = Release|x64
		{CF76C2FC-2BE1-4C8C-AE08-E538765C63EF}.Release|AnyCPU.ActiveCfg = Release|Any CPU
		{CF76C2FC-2BE1-4C8C-AE08-E538765C63EF}.Release|AnyCPU.Build.0 = Release|Any CPU
		{CF76C2FC-2BE1-4C8C-AE08-E538765C63EF}.Release|AnyCPU32.ActiveCfg = Release|AnyCPU32
		{CF76C2FC-2BE1-4C8C-AE08-E538765C63EF}.Release|AnyCPU32.Build.0 = Release|AnyCPU32
		{CF76C2FC-2BE1-4C8C-AE08-E538765C63EF}.Release|x64.ActiveCfg = Release|x64
		{CF76C2FC-2BE1-4C8C-AE08-E538765C63EF}.Release|x64.Build.0 = Release|x64
		{B81321DB-0CD8-4E6D-843C-0461979EEE9D}.Debug|AnyCPU.ActiveCfg = Debug|Any CPU
		{B81321DB-0CD8-4E6D-843C-0461979EEE9D}.Debug|AnyCPU.Build.0 = Debug|Any CPU
		{B81321DB-0CD8-4E6D-843C-0461979EEE9D}.Debug|AnyCPU32.ActiveCfg = Debug|AnyCPU32
		{B81321DB-0CD8-4E6D-843C-0461979EEE9D}.Debug|AnyCPU32.Build.0 = Debug|AnyCPU32
		{B81321DB-0CD8-4E6D-843C-0461979EEE9D}.Debug|x64.ActiveCfg = Debug|x64
		{B81321DB-0CD8-4E6D-843C-0461979EEE9D}.Debug|x64.Build.0 = Debug|x64
		{B81321DB-0CD8-4E6D-843C-0461979EEE9D}.JustInstallers|AnyCPU.ActiveCfg = Release|Any CPU
		{B81321DB-0CD8-4E6D-843C-0461979EEE9D}.JustInstallers|AnyCPU32.ActiveCfg = Release|AnyCPU32
		{B81321DB-0CD8-4E6D-843C-0461979EEE9D}.JustInstallers|x64.ActiveCfg = Release|x64
		{B81321DB-0CD8-4E6D-843C-0461979EEE9D}.NoInstallers|AnyCPU.ActiveCfg = Release|Any CPU
		{B81321DB-0CD8-4E6D-843C-0461979EEE9D}.NoInstallers|AnyCPU.Build.0 = Release|Any CPU
		{B81321DB-0CD8-4E6D-843C-0461979EEE9D}.NoInstallers|AnyCPU32.ActiveCfg = Release|AnyCPU32
		{B81321DB-0CD8-4E6D-843C-0461979EEE9D}.NoInstallers|AnyCPU32.Build.0 = Release|AnyCPU32
		{B81321DB-0CD8-4E6D-843C-0461979EEE9D}.NoInstallers|x64.ActiveCfg = Release|x64
		{B81321DB-0CD8-4E6D-843C-0461979EEE9D}.NoInstallers|x64.Build.0 = Release|x64
		{B81321DB-0CD8-4E6D-843C-0461979EEE9D}.Release|AnyCPU.ActiveCfg = Release|Any CPU
		{B81321DB-0CD8-4E6D-843C-0461979EEE9D}.Release|AnyCPU.Build.0 = Release|Any CPU
		{B81321DB-0CD8-4E6D-843C-0461979EEE9D}.Release|AnyCPU32.ActiveCfg = Release|AnyCPU32
		{B81321DB-0CD8-4E6D-843C-0461979EEE9D}.Release|AnyCPU32.Build.0 = Release|AnyCPU32
		{B81321DB-0CD8-4E6D-843C-0461979EEE9D}.Release|x64.ActiveCfg = Release|x64
		{B81321DB-0CD8-4E6D-843C-0461979EEE9D}.Release|x64.Build.0 = Release|x64
		{85E85BDF-EB98-4440-BC7D-52CD44176BD9}.Debug|AnyCPU.ActiveCfg = Debug|Any CPU
		{85E85BDF-EB98-4440-BC7D-52CD44176BD9}.Debug|AnyCPU.Build.0 = Debug|Any CPU
		{85E85BDF-EB98-4440-BC7D-52CD44176BD9}.Debug|AnyCPU32.ActiveCfg = Debug|AnyCPU32
		{85E85BDF-EB98-4440-BC7D-52CD44176BD9}.Debug|AnyCPU32.Build.0 = Debug|AnyCPU32
		{85E85BDF-EB98-4440-BC7D-52CD44176BD9}.Debug|x64.ActiveCfg = Debug|x64
		{85E85BDF-EB98-4440-BC7D-52CD44176BD9}.Debug|x64.Build.0 = Debug|x64
		{85E85BDF-EB98-4440-BC7D-52CD44176BD9}.JustInstallers|AnyCPU.ActiveCfg = Release|Any CPU
		{85E85BDF-EB98-4440-BC7D-52CD44176BD9}.JustInstallers|AnyCPU32.ActiveCfg = Release|AnyCPU32
		{85E85BDF-EB98-4440-BC7D-52CD44176BD9}.JustInstallers|x64.ActiveCfg = Release|x64
		{85E85BDF-EB98-4440-BC7D-52CD44176BD9}.NoInstallers|AnyCPU.ActiveCfg = Release|Any CPU
		{85E85BDF-EB98-4440-BC7D-52CD44176BD9}.NoInstallers|AnyCPU.Build.0 = Release|Any CPU
		{85E85BDF-EB98-4440-BC7D-52CD44176BD9}.NoInstallers|AnyCPU32.ActiveCfg = Release|AnyCPU32
		{85E85BDF-EB98-4440-BC7D-52CD44176BD9}.NoInstallers|AnyCPU32.Build.0 = Release|AnyCPU32
		{85E85BDF-EB98-4440-BC7D-52CD44176BD9}.NoInstallers|x64.ActiveCfg = Release|x64
		{85E85BDF-EB98-4440-BC7D-52CD44176BD9}.NoInstallers|x64.Build.0 = Release|x64
		{85E85BDF-EB98-4440-BC7D-52CD44176BD9}.Release|AnyCPU.ActiveCfg = Release|Any CPU
		{85E85BDF-EB98-4440-BC7D-52CD44176BD9}.Release|AnyCPU.Build.0 = Release|Any CPU
		{85E85BDF-EB98-4440-BC7D-52CD44176BD9}.Release|AnyCPU32.ActiveCfg = Release|AnyCPU32
		{85E85BDF-EB98-4440-BC7D-52CD44176BD9}.Release|AnyCPU32.Build.0 = Release|AnyCPU32
		{85E85BDF-EB98-4440-BC7D-52CD44176BD9}.Release|x64.ActiveCfg = Release|x64
		{85E85BDF-EB98-4440-BC7D-52CD44176BD9}.Release|x64.Build.0 = Release|x64
		{EFC42B48-44DD-4066-81F4-60C0D8104F7B}.Debug|AnyCPU.ActiveCfg = Debug|Any CPU
		{EFC42B48-44DD-4066-81F4-60C0D8104F7B}.Debug|AnyCPU.Build.0 = Debug|Any CPU
		{EFC42B48-44DD-4066-81F4-60C0D8104F7B}.Debug|AnyCPU32.ActiveCfg = Debug|Any CPU
		{EFC42B48-44DD-4066-81F4-60C0D8104F7B}.Debug|AnyCPU32.Build.0 = Debug|Any CPU
		{EFC42B48-44DD-4066-81F4-60C0D8104F7B}.Debug|x64.ActiveCfg = Debug|x64
		{EFC42B48-44DD-4066-81F4-60C0D8104F7B}.Debug|x64.Build.0 = Debug|x64
		{EFC42B48-44DD-4066-81F4-60C0D8104F7B}.JustInstallers|AnyCPU.ActiveCfg = Release|Any CPU
		{EFC42B48-44DD-4066-81F4-60C0D8104F7B}.JustInstallers|AnyCPU32.ActiveCfg = Release|Any CPU
		{EFC42B48-44DD-4066-81F4-60C0D8104F7B}.JustInstallers|x64.ActiveCfg = Release|x64
		{EFC42B48-44DD-4066-81F4-60C0D8104F7B}.NoInstallers|AnyCPU.ActiveCfg = Release|Any CPU
		{EFC42B48-44DD-4066-81F4-60C0D8104F7B}.NoInstallers|AnyCPU.Build.0 = Release|Any CPU
		{EFC42B48-44DD-4066-81F4-60C0D8104F7B}.NoInstallers|AnyCPU32.ActiveCfg = Release|Any CPU
		{EFC42B48-44DD-4066-81F4-60C0D8104F7B}.NoInstallers|AnyCPU32.Build.0 = Release|Any CPU
		{EFC42B48-44DD-4066-81F4-60C0D8104F7B}.NoInstallers|x64.ActiveCfg = Release|x64
		{EFC42B48-44DD-4066-81F4-60C0D8104F7B}.NoInstallers|x64.Build.0 = Release|x64
		{EFC42B48-44DD-4066-81F4-60C0D8104F7B}.Release|AnyCPU.ActiveCfg = Release|Any CPU
		{EFC42B48-44DD-4066-81F4-60C0D8104F7B}.Release|AnyCPU.Build.0 = Release|Any CPU
		{EFC42B48-44DD-4066-81F4-60C0D8104F7B}.Release|AnyCPU32.ActiveCfg = Release|Any CPU
		{EFC42B48-44DD-4066-81F4-60C0D8104F7B}.Release|AnyCPU32.Build.0 = Release|Any CPU
		{EFC42B48-44DD-4066-81F4-60C0D8104F7B}.Release|x64.ActiveCfg = Release|x64
		{EFC42B48-44DD-4066-81F4-60C0D8104F7B}.Release|x64.Build.0 = Release|x64
		{6977F474-C7E1-4CA3-880A-679ED43F1AAE}.Debug|AnyCPU.ActiveCfg = Debug|Any CPU
		{6977F474-C7E1-4CA3-880A-679ED43F1AAE}.Debug|AnyCPU.Build.0 = Debug|Any CPU
		{6977F474-C7E1-4CA3-880A-679ED43F1AAE}.Debug|AnyCPU32.ActiveCfg = Debug|AnyCPU32
		{6977F474-C7E1-4CA3-880A-679ED43F1AAE}.Debug|AnyCPU32.Build.0 = Debug|AnyCPU32
		{6977F474-C7E1-4CA3-880A-679ED43F1AAE}.Debug|x64.ActiveCfg = Debug|x64
		{6977F474-C7E1-4CA3-880A-679ED43F1AAE}.Debug|x64.Build.0 = Debug|x64
		{6977F474-C7E1-4CA3-880A-679ED43F1AAE}.JustInstallers|AnyCPU.ActiveCfg = Release|Any CPU
		{6977F474-C7E1-4CA3-880A-679ED43F1AAE}.JustInstallers|AnyCPU32.ActiveCfg = Release|AnyCPU32
		{6977F474-C7E1-4CA3-880A-679ED43F1AAE}.JustInstallers|x64.ActiveCfg = Release|x64
		{6977F474-C7E1-4CA3-880A-679ED43F1AAE}.NoInstallers|AnyCPU.ActiveCfg = Release|Any CPU
		{6977F474-C7E1-4CA3-880A-679ED43F1AAE}.NoInstallers|AnyCPU.Build.0 = Release|Any CPU
		{6977F474-C7E1-4CA3-880A-679ED43F1AAE}.NoInstallers|AnyCPU32.ActiveCfg = Release|AnyCPU32
		{6977F474-C7E1-4CA3-880A-679ED43F1AAE}.NoInstallers|x64.ActiveCfg = Release|x64
		{6977F474-C7E1-4CA3-880A-679ED43F1AAE}.Release|AnyCPU.ActiveCfg = Release|Any CPU
		{6977F474-C7E1-4CA3-880A-679ED43F1AAE}.Release|AnyCPU.Build.0 = Release|Any CPU
		{6977F474-C7E1-4CA3-880A-679ED43F1AAE}.Release|AnyCPU32.ActiveCfg = Release|AnyCPU32
		{6977F474-C7E1-4CA3-880A-679ED43F1AAE}.Release|AnyCPU32.Build.0 = Release|AnyCPU32
		{6977F474-C7E1-4CA3-880A-679ED43F1AAE}.Release|x64.ActiveCfg = Release|x64
		{6977F474-C7E1-4CA3-880A-679ED43F1AAE}.Release|x64.Build.0 = Release|x64
		{D17E62CB-E81A-412E-931B-CD4456151C40}.Debug|AnyCPU.ActiveCfg = Debug|Any CPU
		{D17E62CB-E81A-412E-931B-CD4456151C40}.Debug|AnyCPU.Build.0 = Debug|Any CPU
		{D17E62CB-E81A-412E-931B-CD4456151C40}.Debug|AnyCPU32.ActiveCfg = Debug|AnyCPU32
		{D17E62CB-E81A-412E-931B-CD4456151C40}.Debug|AnyCPU32.Build.0 = Debug|AnyCPU32
		{D17E62CB-E81A-412E-931B-CD4456151C40}.Debug|x64.ActiveCfg = Debug|x64
		{D17E62CB-E81A-412E-931B-CD4456151C40}.Debug|x64.Build.0 = Debug|x64
		{D17E62CB-E81A-412E-931B-CD4456151C40}.JustInstallers|AnyCPU.ActiveCfg = Release|Any CPU
		{D17E62CB-E81A-412E-931B-CD4456151C40}.JustInstallers|AnyCPU32.ActiveCfg = Release|AnyCPU32
		{D17E62CB-E81A-412E-931B-CD4456151C40}.JustInstallers|x64.ActiveCfg = Release|x64
		{D17E62CB-E81A-412E-931B-CD4456151C40}.NoInstallers|AnyCPU.ActiveCfg = Release|Any CPU
		{D17E62CB-E81A-412E-931B-CD4456151C40}.NoInstallers|AnyCPU.Build.0 = Release|Any CPU
		{D17E62CB-E81A-412E-931B-CD4456151C40}.NoInstallers|AnyCPU32.ActiveCfg = Release|AnyCPU32
		{D17E62CB-E81A-412E-931B-CD4456151C40}.NoInstallers|AnyCPU32.Build.0 = Release|AnyCPU32
		{D17E62CB-E81A-412E-931B-CD4456151C40}.NoInstallers|x64.ActiveCfg = Release|x64
		{D17E62CB-E81A-412E-931B-CD4456151C40}.NoInstallers|x64.Build.0 = Release|x64
		{D17E62CB-E81A-412E-931B-CD4456151C40}.Release|AnyCPU.ActiveCfg = Release|Any CPU
		{D17E62CB-E81A-412E-931B-CD4456151C40}.Release|AnyCPU.Build.0 = Release|Any CPU
		{D17E62CB-E81A-412E-931B-CD4456151C40}.Release|AnyCPU32.ActiveCfg = Release|AnyCPU32
		{D17E62CB-E81A-412E-931B-CD4456151C40}.Release|AnyCPU32.Build.0 = Release|AnyCPU32
		{D17E62CB-E81A-412E-931B-CD4456151C40}.Release|x64.ActiveCfg = Release|x64
		{D17E62CB-E81A-412E-931B-CD4456151C40}.Release|x64.Build.0 = Release|x64
		{E14DF324-9C86-48B8-9C67-CDBF30404758}.Debug|AnyCPU.ActiveCfg = Debug|Any CPU
		{E14DF324-9C86-48B8-9C67-CDBF30404758}.Debug|AnyCPU.Build.0 = Debug|Any CPU
		{E14DF324-9C86-48B8-9C67-CDBF30404758}.Debug|AnyCPU32.ActiveCfg = Debug|AnyCPU32
		{E14DF324-9C86-48B8-9C67-CDBF30404758}.Debug|AnyCPU32.Build.0 = Debug|AnyCPU32
		{E14DF324-9C86-48B8-9C67-CDBF30404758}.Debug|x64.ActiveCfg = Debug|x64
		{E14DF324-9C86-48B8-9C67-CDBF30404758}.Debug|x64.Build.0 = Debug|x64
		{E14DF324-9C86-48B8-9C67-CDBF30404758}.JustInstallers|AnyCPU.ActiveCfg = Release|Any CPU
		{E14DF324-9C86-48B8-9C67-CDBF30404758}.JustInstallers|AnyCPU32.ActiveCfg = Release|AnyCPU32
		{E14DF324-9C86-48B8-9C67-CDBF30404758}.JustInstallers|x64.ActiveCfg = Release|x64
		{E14DF324-9C86-48B8-9C67-CDBF30404758}.NoInstallers|AnyCPU.ActiveCfg = Release|Any CPU
		{E14DF324-9C86-48B8-9C67-CDBF30404758}.NoInstallers|AnyCPU.Build.0 = Release|Any CPU
		{E14DF324-9C86-48B8-9C67-CDBF30404758}.NoInstallers|AnyCPU32.ActiveCfg = Release|AnyCPU32
		{E14DF324-9C86-48B8-9C67-CDBF30404758}.NoInstallers|AnyCPU32.Build.0 = Release|AnyCPU32
		{E14DF324-9C86-48B8-9C67-CDBF30404758}.NoInstallers|x64.ActiveCfg = Release|x64
		{E14DF324-9C86-48B8-9C67-CDBF30404758}.NoInstallers|x64.Build.0 = Release|x64
		{E14DF324-9C86-48B8-9C67-CDBF30404758}.Release|AnyCPU.ActiveCfg = Release|Any CPU
		{E14DF324-9C86-48B8-9C67-CDBF30404758}.Release|AnyCPU.Build.0 = Release|Any CPU
		{E14DF324-9C86-48B8-9C67-CDBF30404758}.Release|AnyCPU32.ActiveCfg = Release|AnyCPU32
		{E14DF324-9C86-48B8-9C67-CDBF30404758}.Release|AnyCPU32.Build.0 = Release|AnyCPU32
		{E14DF324-9C86-48B8-9C67-CDBF30404758}.Release|x64.ActiveCfg = Release|x64
		{E14DF324-9C86-48B8-9C67-CDBF30404758}.Release|x64.Build.0 = Release|x64
		{CC8E53BF-9DFB-4D6F-9B85-0994C9C0D49A}.Debug|AnyCPU.ActiveCfg = Debug|Any CPU
		{CC8E53BF-9DFB-4D6F-9B85-0994C9C0D49A}.Debug|AnyCPU.Build.0 = Debug|Any CPU
		{CC8E53BF-9DFB-4D6F-9B85-0994C9C0D49A}.Debug|AnyCPU32.ActiveCfg = Debug|AnyCPU32
		{CC8E53BF-9DFB-4D6F-9B85-0994C9C0D49A}.Debug|AnyCPU32.Build.0 = Debug|AnyCPU32
		{CC8E53BF-9DFB-4D6F-9B85-0994C9C0D49A}.Debug|x64.ActiveCfg = Debug|x64
		{CC8E53BF-9DFB-4D6F-9B85-0994C9C0D49A}.Debug|x64.Build.0 = Debug|x64
		{CC8E53BF-9DFB-4D6F-9B85-0994C9C0D49A}.JustInstallers|AnyCPU.ActiveCfg = Release|Any CPU
		{CC8E53BF-9DFB-4D6F-9B85-0994C9C0D49A}.JustInstallers|AnyCPU32.ActiveCfg = Release|AnyCPU32
		{CC8E53BF-9DFB-4D6F-9B85-0994C9C0D49A}.JustInstallers|x64.ActiveCfg = Release|x64
		{CC8E53BF-9DFB-4D6F-9B85-0994C9C0D49A}.NoInstallers|AnyCPU.ActiveCfg = Release|Any CPU
		{CC8E53BF-9DFB-4D6F-9B85-0994C9C0D49A}.NoInstallers|AnyCPU.Build.0 = Release|Any CPU
		{CC8E53BF-9DFB-4D6F-9B85-0994C9C0D49A}.NoInstallers|AnyCPU32.ActiveCfg = Release|AnyCPU32
		{CC8E53BF-9DFB-4D6F-9B85-0994C9C0D49A}.NoInstallers|AnyCPU32.Build.0 = Release|AnyCPU32
		{CC8E53BF-9DFB-4D6F-9B85-0994C9C0D49A}.NoInstallers|x64.ActiveCfg = Release|x64
		{CC8E53BF-9DFB-4D6F-9B85-0994C9C0D49A}.NoInstallers|x64.Build.0 = Release|x64
		{CC8E53BF-9DFB-4D6F-9B85-0994C9C0D49A}.Release|AnyCPU.ActiveCfg = Release|Any CPU
		{CC8E53BF-9DFB-4D6F-9B85-0994C9C0D49A}.Release|AnyCPU.Build.0 = Release|Any CPU
		{CC8E53BF-9DFB-4D6F-9B85-0994C9C0D49A}.Release|AnyCPU32.ActiveCfg = Release|AnyCPU32
		{CC8E53BF-9DFB-4D6F-9B85-0994C9C0D49A}.Release|AnyCPU32.Build.0 = Release|AnyCPU32
		{CC8E53BF-9DFB-4D6F-9B85-0994C9C0D49A}.Release|x64.ActiveCfg = Release|x64
		{CC8E53BF-9DFB-4D6F-9B85-0994C9C0D49A}.Release|x64.Build.0 = Release|x64
		{DFD0A1EB-4B61-4A69-BCCA-BB0AB46088B1}.Debug|AnyCPU.ActiveCfg = Debug|Any CPU
		{DFD0A1EB-4B61-4A69-BCCA-BB0AB46088B1}.Debug|AnyCPU.Build.0 = Debug|Any CPU
		{DFD0A1EB-4B61-4A69-BCCA-BB0AB46088B1}.Debug|AnyCPU32.ActiveCfg = Debug|AnyCPU32
		{DFD0A1EB-4B61-4A69-BCCA-BB0AB46088B1}.Debug|AnyCPU32.Build.0 = Debug|AnyCPU32
		{DFD0A1EB-4B61-4A69-BCCA-BB0AB46088B1}.Debug|x64.ActiveCfg = Debug|x64
		{DFD0A1EB-4B61-4A69-BCCA-BB0AB46088B1}.Debug|x64.Build.0 = Debug|x64
		{DFD0A1EB-4B61-4A69-BCCA-BB0AB46088B1}.JustInstallers|AnyCPU.ActiveCfg = Release|Any CPU
		{DFD0A1EB-4B61-4A69-BCCA-BB0AB46088B1}.JustInstallers|AnyCPU32.ActiveCfg = Release|AnyCPU32
		{DFD0A1EB-4B61-4A69-BCCA-BB0AB46088B1}.JustInstallers|x64.ActiveCfg = Release|x64
		{DFD0A1EB-4B61-4A69-BCCA-BB0AB46088B1}.NoInstallers|AnyCPU.ActiveCfg = Release|Any CPU
		{DFD0A1EB-4B61-4A69-BCCA-BB0AB46088B1}.NoInstallers|AnyCPU.Build.0 = Release|Any CPU
		{DFD0A1EB-4B61-4A69-BCCA-BB0AB46088B1}.NoInstallers|AnyCPU32.ActiveCfg = Release|AnyCPU32
		{DFD0A1EB-4B61-4A69-BCCA-BB0AB46088B1}.NoInstallers|AnyCPU32.Build.0 = Release|AnyCPU32
		{DFD0A1EB-4B61-4A69-BCCA-BB0AB46088B1}.NoInstallers|x64.ActiveCfg = Release|x64
		{DFD0A1EB-4B61-4A69-BCCA-BB0AB46088B1}.NoInstallers|x64.Build.0 = Release|x64
		{DFD0A1EB-4B61-4A69-BCCA-BB0AB46088B1}.Release|AnyCPU.ActiveCfg = Release|Any CPU
		{DFD0A1EB-4B61-4A69-BCCA-BB0AB46088B1}.Release|AnyCPU.Build.0 = Release|Any CPU
		{DFD0A1EB-4B61-4A69-BCCA-BB0AB46088B1}.Release|AnyCPU32.ActiveCfg = Release|AnyCPU32
		{DFD0A1EB-4B61-4A69-BCCA-BB0AB46088B1}.Release|AnyCPU32.Build.0 = Release|AnyCPU32
		{DFD0A1EB-4B61-4A69-BCCA-BB0AB46088B1}.Release|x64.ActiveCfg = Release|x64
		{DFD0A1EB-4B61-4A69-BCCA-BB0AB46088B1}.Release|x64.Build.0 = Release|x64
		{E39821C7-ADBC-4FCF-9497-FD44A6FC2CE9}.Debug|AnyCPU.ActiveCfg = Debug|Any CPU
		{E39821C7-ADBC-4FCF-9497-FD44A6FC2CE9}.Debug|AnyCPU.Build.0 = Debug|Any CPU
		{E39821C7-ADBC-4FCF-9497-FD44A6FC2CE9}.Debug|AnyCPU32.ActiveCfg = Debug|AnyCPU32
		{E39821C7-ADBC-4FCF-9497-FD44A6FC2CE9}.Debug|AnyCPU32.Build.0 = Debug|AnyCPU32
		{E39821C7-ADBC-4FCF-9497-FD44A6FC2CE9}.Debug|x64.ActiveCfg = Debug|x64
		{E39821C7-ADBC-4FCF-9497-FD44A6FC2CE9}.Debug|x64.Build.0 = Debug|x64
		{E39821C7-ADBC-4FCF-9497-FD44A6FC2CE9}.JustInstallers|AnyCPU.ActiveCfg = Release|Any CPU
		{E39821C7-ADBC-4FCF-9497-FD44A6FC2CE9}.JustInstallers|AnyCPU32.ActiveCfg = Release|AnyCPU32
		{E39821C7-ADBC-4FCF-9497-FD44A6FC2CE9}.JustInstallers|x64.ActiveCfg = Release|x64
		{E39821C7-ADBC-4FCF-9497-FD44A6FC2CE9}.NoInstallers|AnyCPU.ActiveCfg = Release|Any CPU
		{E39821C7-ADBC-4FCF-9497-FD44A6FC2CE9}.NoInstallers|AnyCPU.Build.0 = Release|Any CPU
		{E39821C7-ADBC-4FCF-9497-FD44A6FC2CE9}.NoInstallers|AnyCPU32.ActiveCfg = Release|AnyCPU32
		{E39821C7-ADBC-4FCF-9497-FD44A6FC2CE9}.NoInstallers|x64.ActiveCfg = Release|x64
		{E39821C7-ADBC-4FCF-9497-FD44A6FC2CE9}.Release|AnyCPU.ActiveCfg = Release|Any CPU
		{E39821C7-ADBC-4FCF-9497-FD44A6FC2CE9}.Release|AnyCPU.Build.0 = Release|Any CPU
		{E39821C7-ADBC-4FCF-9497-FD44A6FC2CE9}.Release|AnyCPU32.ActiveCfg = Release|AnyCPU32
		{E39821C7-ADBC-4FCF-9497-FD44A6FC2CE9}.Release|AnyCPU32.Build.0 = Release|AnyCPU32
		{E39821C7-ADBC-4FCF-9497-FD44A6FC2CE9}.Release|x64.ActiveCfg = Release|x64
		{E39821C7-ADBC-4FCF-9497-FD44A6FC2CE9}.Release|x64.Build.0 = Release|x64
		{EBC0933D-26DF-4199-AA44-D5ADBD449342}.Debug|AnyCPU.ActiveCfg = Debug|Any CPU
		{EBC0933D-26DF-4199-AA44-D5ADBD449342}.Debug|AnyCPU.Build.0 = Debug|Any CPU
		{EBC0933D-26DF-4199-AA44-D5ADBD449342}.Debug|AnyCPU32.ActiveCfg = Debug|AnyCPU32
		{EBC0933D-26DF-4199-AA44-D5ADBD449342}.Debug|AnyCPU32.Build.0 = Debug|AnyCPU32
		{EBC0933D-26DF-4199-AA44-D5ADBD449342}.Debug|x64.ActiveCfg = Debug|x64
		{EBC0933D-26DF-4199-AA44-D5ADBD449342}.Debug|x64.Build.0 = Debug|x64
		{EBC0933D-26DF-4199-AA44-D5ADBD449342}.JustInstallers|AnyCPU.ActiveCfg = Release|Any CPU
		{EBC0933D-26DF-4199-AA44-D5ADBD449342}.JustInstallers|AnyCPU32.ActiveCfg = Release|AnyCPU32
		{EBC0933D-26DF-4199-AA44-D5ADBD449342}.JustInstallers|x64.ActiveCfg = Release|x64
		{EBC0933D-26DF-4199-AA44-D5ADBD449342}.NoInstallers|AnyCPU.ActiveCfg = Release|Any CPU
		{EBC0933D-26DF-4199-AA44-D5ADBD449342}.NoInstallers|AnyCPU.Build.0 = Release|Any CPU
		{EBC0933D-26DF-4199-AA44-D5ADBD449342}.NoInstallers|AnyCPU32.ActiveCfg = Release|AnyCPU32
		{EBC0933D-26DF-4199-AA44-D5ADBD449342}.NoInstallers|AnyCPU32.Build.0 = Release|AnyCPU32
		{EBC0933D-26DF-4199-AA44-D5ADBD449342}.NoInstallers|x64.ActiveCfg = Release|x64
		{EBC0933D-26DF-4199-AA44-D5ADBD449342}.NoInstallers|x64.Build.0 = Release|x64
		{EBC0933D-26DF-4199-AA44-D5ADBD449342}.Release|AnyCPU.ActiveCfg = Release|Any CPU
		{EBC0933D-26DF-4199-AA44-D5ADBD449342}.Release|AnyCPU.Build.0 = Release|Any CPU
		{EBC0933D-26DF-4199-AA44-D5ADBD449342}.Release|AnyCPU32.ActiveCfg = Release|AnyCPU32
		{EBC0933D-26DF-4199-AA44-D5ADBD449342}.Release|AnyCPU32.Build.0 = Release|AnyCPU32
		{EBC0933D-26DF-4199-AA44-D5ADBD449342}.Release|x64.ActiveCfg = Release|x64
		{EBC0933D-26DF-4199-AA44-D5ADBD449342}.Release|x64.Build.0 = Release|x64
		{A7237E1E-B363-491D-9B78-BD46CCE689AA}.Debug|AnyCPU.ActiveCfg = Debug|Any CPU
		{A7237E1E-B363-491D-9B78-BD46CCE689AA}.Debug|AnyCPU.Build.0 = Debug|Any CPU
		{A7237E1E-B363-491D-9B78-BD46CCE689AA}.Debug|AnyCPU32.ActiveCfg = Debug|AnyCPU32
		{A7237E1E-B363-491D-9B78-BD46CCE689AA}.Debug|AnyCPU32.Build.0 = Debug|AnyCPU32
		{A7237E1E-B363-491D-9B78-BD46CCE689AA}.Debug|x64.ActiveCfg = Debug|x64
		{A7237E1E-B363-491D-9B78-BD46CCE689AA}.Debug|x64.Build.0 = Debug|x64
		{A7237E1E-B363-491D-9B78-BD46CCE689AA}.JustInstallers|AnyCPU.ActiveCfg = Release|Any CPU
		{A7237E1E-B363-491D-9B78-BD46CCE689AA}.JustInstallers|AnyCPU32.ActiveCfg = Release|AnyCPU32
		{A7237E1E-B363-491D-9B78-BD46CCE689AA}.JustInstallers|x64.ActiveCfg = Release|x64
		{A7237E1E-B363-491D-9B78-BD46CCE689AA}.NoInstallers|AnyCPU.ActiveCfg = Release|Any CPU
		{A7237E1E-B363-491D-9B78-BD46CCE689AA}.NoInstallers|AnyCPU.Build.0 = Release|Any CPU
		{A7237E1E-B363-491D-9B78-BD46CCE689AA}.NoInstallers|AnyCPU32.ActiveCfg = Release|AnyCPU32
		{A7237E1E-B363-491D-9B78-BD46CCE689AA}.NoInstallers|AnyCPU32.Build.0 = Release|AnyCPU32
		{A7237E1E-B363-491D-9B78-BD46CCE689AA}.NoInstallers|x64.ActiveCfg = Release|x64
		{A7237E1E-B363-491D-9B78-BD46CCE689AA}.NoInstallers|x64.Build.0 = Release|x64
		{A7237E1E-B363-491D-9B78-BD46CCE689AA}.Release|AnyCPU.ActiveCfg = Release|Any CPU
		{A7237E1E-B363-491D-9B78-BD46CCE689AA}.Release|AnyCPU.Build.0 = Release|Any CPU
		{A7237E1E-B363-491D-9B78-BD46CCE689AA}.Release|AnyCPU32.ActiveCfg = Release|AnyCPU32
		{A7237E1E-B363-491D-9B78-BD46CCE689AA}.Release|AnyCPU32.Build.0 = Release|AnyCPU32
		{A7237E1E-B363-491D-9B78-BD46CCE689AA}.Release|x64.ActiveCfg = Release|x64
		{A7237E1E-B363-491D-9B78-BD46CCE689AA}.Release|x64.Build.0 = Release|x64
		{0955C887-5BB4-4C84-8F9D-27ED111B527D}.Debug|AnyCPU.ActiveCfg = Release
		{0955C887-5BB4-4C84-8F9D-27ED111B527D}.Debug|AnyCPU32.ActiveCfg = Release
		{0955C887-5BB4-4C84-8F9D-27ED111B527D}.Debug|AnyCPU32.Build.0 = Release
		{0955C887-5BB4-4C84-8F9D-27ED111B527D}.Debug|x64.ActiveCfg = Release
		{0955C887-5BB4-4C84-8F9D-27ED111B527D}.JustInstallers|AnyCPU.ActiveCfg = Release
		{0955C887-5BB4-4C84-8F9D-27ED111B527D}.JustInstallers|AnyCPU32.ActiveCfg = Release
		{0955C887-5BB4-4C84-8F9D-27ED111B527D}.JustInstallers|AnyCPU32.Build.0 = Release
		{0955C887-5BB4-4C84-8F9D-27ED111B527D}.JustInstallers|x64.ActiveCfg = Release
		{0955C887-5BB4-4C84-8F9D-27ED111B527D}.NoInstallers|AnyCPU.ActiveCfg = Release
		{0955C887-5BB4-4C84-8F9D-27ED111B527D}.NoInstallers|AnyCPU.Build.0 = Release
		{0955C887-5BB4-4C84-8F9D-27ED111B527D}.NoInstallers|AnyCPU32.ActiveCfg = Release
		{0955C887-5BB4-4C84-8F9D-27ED111B527D}.NoInstallers|x64.ActiveCfg = Release
		{0955C887-5BB4-4C84-8F9D-27ED111B527D}.Release|AnyCPU.ActiveCfg = Release
		{0955C887-5BB4-4C84-8F9D-27ED111B527D}.Release|AnyCPU32.ActiveCfg = Release
		{0955C887-5BB4-4C84-8F9D-27ED111B527D}.Release|AnyCPU32.Build.0 = Release
		{0955C887-5BB4-4C84-8F9D-27ED111B527D}.Release|x64.ActiveCfg = Release
		{3C06B585-FC4B-48D3-8867-0441FF757153}.Debug|AnyCPU.ActiveCfg = Release
		{3C06B585-FC4B-48D3-8867-0441FF757153}.Debug|AnyCPU32.ActiveCfg = Release
		{3C06B585-FC4B-48D3-8867-0441FF757153}.Debug|AnyCPU32.Build.0 = Release
		{3C06B585-FC4B-48D3-8867-0441FF757153}.Debug|x64.ActiveCfg = Release
		{3C06B585-FC4B-48D3-8867-0441FF757153}.JustInstallers|AnyCPU.ActiveCfg = Release
		{3C06B585-FC4B-48D3-8867-0441FF757153}.JustInstallers|AnyCPU.Build.0 = Release
		{3C06B585-FC4B-48D3-8867-0441FF757153}.JustInstallers|AnyCPU32.ActiveCfg = Release
		{3C06B585-FC4B-48D3-8867-0441FF757153}.JustInstallers|x64.ActiveCfg = Release
		{3C06B585-FC4B-48D3-8867-0441FF757153}.JustInstallers|x64.Build.0 = Release
		{3C06B585-FC4B-48D3-8867-0441FF757153}.NoInstallers|AnyCPU.ActiveCfg = Release
		{3C06B585-FC4B-48D3-8867-0441FF757153}.NoInstallers|AnyCPU32.ActiveCfg = Release
		{3C06B585-FC4B-48D3-8867-0441FF757153}.NoInstallers|x64.ActiveCfg = Release
		{3C06B585-FC4B-48D3-8867-0441FF757153}.Release|AnyCPU.ActiveCfg = Release
		{3C06B585-FC4B-48D3-8867-0441FF757153}.Release|AnyCPU32.ActiveCfg = Release
		{3C06B585-FC4B-48D3-8867-0441FF757153}.Release|x64.ActiveCfg = Release
		{3C06B585-FC4B-48D3-8867-0441FF757153}.Release|x64.Build.0 = Release
		{4080D4C3-3608-4C3F-A10E-077FAA5EA046}.Debug|AnyCPU.ActiveCfg = Debug|Any CPU
		{4080D4C3-3608-4C3F-A10E-077FAA5EA046}.Debug|AnyCPU.Build.0 = Debug|Any CPU
		{4080D4C3-3608-4C3F-A10E-077FAA5EA046}.Debug|AnyCPU32.ActiveCfg = Debug|AnyCPU32
		{4080D4C3-3608-4C3F-A10E-077FAA5EA046}.Debug|AnyCPU32.Build.0 = Debug|AnyCPU32
		{4080D4C3-3608-4C3F-A10E-077FAA5EA046}.Debug|x64.ActiveCfg = Debug|x64
		{4080D4C3-3608-4C3F-A10E-077FAA5EA046}.Debug|x64.Build.0 = Debug|x64
		{4080D4C3-3608-4C3F-A10E-077FAA5EA046}.JustInstallers|AnyCPU.ActiveCfg = Release|Any CPU
		{4080D4C3-3608-4C3F-A10E-077FAA5EA046}.JustInstallers|AnyCPU32.ActiveCfg = Release|AnyCPU32
		{4080D4C3-3608-4C3F-A10E-077FAA5EA046}.JustInstallers|x64.ActiveCfg = Release|x64
		{4080D4C3-3608-4C3F-A10E-077FAA5EA046}.NoInstallers|AnyCPU.ActiveCfg = Release|Any CPU
		{4080D4C3-3608-4C3F-A10E-077FAA5EA046}.NoInstallers|AnyCPU.Build.0 = Release|Any CPU
		{4080D4C3-3608-4C3F-A10E-077FAA5EA046}.NoInstallers|AnyCPU32.ActiveCfg = Release|AnyCPU32
		{4080D4C3-3608-4C3F-A10E-077FAA5EA046}.NoInstallers|AnyCPU32.Build.0 = Release|AnyCPU32
		{4080D4C3-3608-4C3F-A10E-077FAA5EA046}.NoInstallers|x64.ActiveCfg = Release|x64
		{4080D4C3-3608-4C3F-A10E-077FAA5EA046}.NoInstallers|x64.Build.0 = Release|x64
		{4080D4C3-3608-4C3F-A10E-077FAA5EA046}.Release|AnyCPU.ActiveCfg = Release|Any CPU
		{4080D4C3-3608-4C3F-A10E-077FAA5EA046}.Release|AnyCPU.Build.0 = Release|Any CPU
		{4080D4C3-3608-4C3F-A10E-077FAA5EA046}.Release|AnyCPU32.ActiveCfg = Release|AnyCPU32
		{4080D4C3-3608-4C3F-A10E-077FAA5EA046}.Release|AnyCPU32.Build.0 = Release|AnyCPU32
		{4080D4C3-3608-4C3F-A10E-077FAA5EA046}.Release|x64.ActiveCfg = Release|x64
		{4080D4C3-3608-4C3F-A10E-077FAA5EA046}.Release|x64.Build.0 = Release|x64
		{FA46EA48-0C04-415B-B4AE-9E5DA8445496}.Debug|AnyCPU.ActiveCfg = Debug|Any CPU
		{FA46EA48-0C04-415B-B4AE-9E5DA8445496}.Debug|AnyCPU.Build.0 = Debug|Any CPU
		{FA46EA48-0C04-415B-B4AE-9E5DA8445496}.Debug|AnyCPU32.ActiveCfg = Debug|Any CPU
		{FA46EA48-0C04-415B-B4AE-9E5DA8445496}.Debug|AnyCPU32.Build.0 = Debug|Any CPU
		{FA46EA48-0C04-415B-B4AE-9E5DA8445496}.Debug|x64.ActiveCfg = Debug|x64
		{FA46EA48-0C04-415B-B4AE-9E5DA8445496}.Debug|x64.Build.0 = Debug|x64
		{FA46EA48-0C04-415B-B4AE-9E5DA8445496}.JustInstallers|AnyCPU.ActiveCfg = Release|Any CPU
		{FA46EA48-0C04-415B-B4AE-9E5DA8445496}.JustInstallers|AnyCPU32.ActiveCfg = Release|AnyCPU32
		{FA46EA48-0C04-415B-B4AE-9E5DA8445496}.JustInstallers|x64.ActiveCfg = Release|x64
		{FA46EA48-0C04-415B-B4AE-9E5DA8445496}.NoInstallers|AnyCPU.ActiveCfg = Release|Any CPU
		{FA46EA48-0C04-415B-B4AE-9E5DA8445496}.NoInstallers|AnyCPU.Build.0 = Release|Any CPU
		{FA46EA48-0C04-415B-B4AE-9E5DA8445496}.NoInstallers|AnyCPU32.ActiveCfg = Release|AnyCPU32
		{FA46EA48-0C04-415B-B4AE-9E5DA8445496}.NoInstallers|AnyCPU32.Build.0 = Release|AnyCPU32
		{FA46EA48-0C04-415B-B4AE-9E5DA8445496}.NoInstallers|x64.ActiveCfg = Release|x64
		{FA46EA48-0C04-415B-B4AE-9E5DA8445496}.NoInstallers|x64.Build.0 = Release|x64
		{FA46EA48-0C04-415B-B4AE-9E5DA8445496}.Release|AnyCPU.ActiveCfg = Release|Any CPU
		{FA46EA48-0C04-415B-B4AE-9E5DA8445496}.Release|AnyCPU.Build.0 = Release|Any CPU
		{FA46EA48-0C04-415B-B4AE-9E5DA8445496}.Release|AnyCPU32.ActiveCfg = Release|Any CPU
		{FA46EA48-0C04-415B-B4AE-9E5DA8445496}.Release|AnyCPU32.Build.0 = Release|Any CPU
		{FA46EA48-0C04-415B-B4AE-9E5DA8445496}.Release|x64.ActiveCfg = Release|x64
		{FA46EA48-0C04-415B-B4AE-9E5DA8445496}.Release|x64.Build.0 = Release|x64
		{272BEDE5-F8DE-4C6A-9717-F1BAE7677E12}.Debug|AnyCPU.ActiveCfg = Debug|Any CPU
		{272BEDE5-F8DE-4C6A-9717-F1BAE7677E12}.Debug|AnyCPU.Build.0 = Debug|Any CPU
		{272BEDE5-F8DE-4C6A-9717-F1BAE7677E12}.Debug|AnyCPU32.ActiveCfg = Debug|Any CPU
		{272BEDE5-F8DE-4C6A-9717-F1BAE7677E12}.Debug|AnyCPU32.Build.0 = Debug|Any CPU
		{272BEDE5-F8DE-4C6A-9717-F1BAE7677E12}.Debug|x64.ActiveCfg = Debug|x64
		{272BEDE5-F8DE-4C6A-9717-F1BAE7677E12}.Debug|x64.Build.0 = Debug|x64
		{272BEDE5-F8DE-4C6A-9717-F1BAE7677E12}.JustInstallers|AnyCPU.ActiveCfg = Release|Any CPU
		{272BEDE5-F8DE-4C6A-9717-F1BAE7677E12}.JustInstallers|AnyCPU32.ActiveCfg = Release|AnyCPU32
		{272BEDE5-F8DE-4C6A-9717-F1BAE7677E12}.JustInstallers|x64.ActiveCfg = Release|x64
		{272BEDE5-F8DE-4C6A-9717-F1BAE7677E12}.NoInstallers|AnyCPU.ActiveCfg = Release|Any CPU
		{272BEDE5-F8DE-4C6A-9717-F1BAE7677E12}.NoInstallers|AnyCPU.Build.0 = Release|Any CPU
		{272BEDE5-F8DE-4C6A-9717-F1BAE7677E12}.NoInstallers|AnyCPU32.ActiveCfg = Release|AnyCPU32
		{272BEDE5-F8DE-4C6A-9717-F1BAE7677E12}.NoInstallers|AnyCPU32.Build.0 = Release|AnyCPU32
		{272BEDE5-F8DE-4C6A-9717-F1BAE7677E12}.NoInstallers|x64.ActiveCfg = Release|x64
		{272BEDE5-F8DE-4C6A-9717-F1BAE7677E12}.NoInstallers|x64.Build.0 = Release|x64
		{272BEDE5-F8DE-4C6A-9717-F1BAE7677E12}.Release|AnyCPU.ActiveCfg = Release|Any CPU
		{272BEDE5-F8DE-4C6A-9717-F1BAE7677E12}.Release|AnyCPU.Build.0 = Release|Any CPU
		{272BEDE5-F8DE-4C6A-9717-F1BAE7677E12}.Release|AnyCPU32.ActiveCfg = Release|Any CPU
		{272BEDE5-F8DE-4C6A-9717-F1BAE7677E12}.Release|AnyCPU32.Build.0 = Release|Any CPU
		{272BEDE5-F8DE-4C6A-9717-F1BAE7677E12}.Release|x64.ActiveCfg = Release|x64
		{272BEDE5-F8DE-4C6A-9717-F1BAE7677E12}.Release|x64.Build.0 = Release|x64
		{9CA5E376-5653-4B71-B58B-1685B8227790}.Debug|AnyCPU.ActiveCfg = Debug|Any CPU
		{9CA5E376-5653-4B71-B58B-1685B8227790}.Debug|AnyCPU.Build.0 = Debug|Any CPU
		{9CA5E376-5653-4B71-B58B-1685B8227790}.Debug|AnyCPU32.ActiveCfg = Debug|Any CPU
		{9CA5E376-5653-4B71-B58B-1685B8227790}.Debug|AnyCPU32.Build.0 = Debug|Any CPU
		{9CA5E376-5653-4B71-B58B-1685B8227790}.Debug|x64.ActiveCfg = Debug|x64
		{9CA5E376-5653-4B71-B58B-1685B8227790}.Debug|x64.Build.0 = Debug|x64
		{9CA5E376-5653-4B71-B58B-1685B8227790}.JustInstallers|AnyCPU.ActiveCfg = Release|Any CPU
		{9CA5E376-5653-4B71-B58B-1685B8227790}.JustInstallers|AnyCPU32.ActiveCfg = Release|AnyCPU32
		{9CA5E376-5653-4B71-B58B-1685B8227790}.JustInstallers|x64.ActiveCfg = Release|x64
		{9CA5E376-5653-4B71-B58B-1685B8227790}.NoInstallers|AnyCPU.ActiveCfg = Release|Any CPU
		{9CA5E376-5653-4B71-B58B-1685B8227790}.NoInstallers|AnyCPU.Build.0 = Release|Any CPU
		{9CA5E376-5653-4B71-B58B-1685B8227790}.NoInstallers|AnyCPU32.ActiveCfg = Release|AnyCPU32
		{9CA5E376-5653-4B71-B58B-1685B8227790}.NoInstallers|x64.ActiveCfg = Release|x64
		{9CA5E376-5653-4B71-B58B-1685B8227790}.Release|AnyCPU.ActiveCfg = Release|Any CPU
		{9CA5E376-5653-4B71-B58B-1685B8227790}.Release|AnyCPU.Build.0 = Release|Any CPU
		{9CA5E376-5653-4B71-B58B-1685B8227790}.Release|AnyCPU32.ActiveCfg = Release|Any CPU
		{9CA5E376-5653-4B71-B58B-1685B8227790}.Release|AnyCPU32.Build.0 = Release|Any CPU
		{9CA5E376-5653-4B71-B58B-1685B8227790}.Release|x64.ActiveCfg = Release|x64
		{9CA5E376-5653-4B71-B58B-1685B8227790}.Release|x64.Build.0 = Release|x64
		{5326288B-FD5D-48D0-B310-AD66B9C8E777}.Debug|AnyCPU.ActiveCfg = Debug|Any CPU
		{5326288B-FD5D-48D0-B310-AD66B9C8E777}.Debug|AnyCPU.Build.0 = Debug|Any CPU
		{5326288B-FD5D-48D0-B310-AD66B9C8E777}.Debug|AnyCPU32.ActiveCfg = Debug|Any CPU
		{5326288B-FD5D-48D0-B310-AD66B9C8E777}.Debug|AnyCPU32.Build.0 = Debug|Any CPU
		{5326288B-FD5D-48D0-B310-AD66B9C8E777}.Debug|x64.ActiveCfg = Debug|x64
		{5326288B-FD5D-48D0-B310-AD66B9C8E777}.Debug|x64.Build.0 = Debug|x64
		{5326288B-FD5D-48D0-B310-AD66B9C8E777}.JustInstallers|AnyCPU.ActiveCfg = Debug|Any CPU
		{5326288B-FD5D-48D0-B310-AD66B9C8E777}.JustInstallers|AnyCPU32.ActiveCfg = Release|AnyCPU32
		{5326288B-FD5D-48D0-B310-AD66B9C8E777}.JustInstallers|x64.ActiveCfg = Release|x64
		{5326288B-FD5D-48D0-B310-AD66B9C8E777}.NoInstallers|AnyCPU.ActiveCfg = Debug|Any CPU
		{5326288B-FD5D-48D0-B310-AD66B9C8E777}.NoInstallers|AnyCPU.Build.0 = Debug|Any CPU
		{5326288B-FD5D-48D0-B310-AD66B9C8E777}.NoInstallers|AnyCPU32.ActiveCfg = Release|AnyCPU32
		{5326288B-FD5D-48D0-B310-AD66B9C8E777}.NoInstallers|AnyCPU32.Build.0 = Release|AnyCPU32
		{5326288B-FD5D-48D0-B310-AD66B9C8E777}.NoInstallers|x64.ActiveCfg = Release|x64
		{5326288B-FD5D-48D0-B310-AD66B9C8E777}.NoInstallers|x64.Build.0 = Release|x64
		{5326288B-FD5D-48D0-B310-AD66B9C8E777}.Release|AnyCPU.ActiveCfg = Release|Any CPU
		{5326288B-FD5D-48D0-B310-AD66B9C8E777}.Release|AnyCPU.Build.0 = Release|Any CPU
		{5326288B-FD5D-48D0-B310-AD66B9C8E777}.Release|AnyCPU32.ActiveCfg = Release|AnyCPU32
		{5326288B-FD5D-48D0-B310-AD66B9C8E777}.Release|AnyCPU32.Build.0 = Release|AnyCPU32
		{5326288B-FD5D-48D0-B310-AD66B9C8E777}.Release|x64.ActiveCfg = Release|x64
		{5326288B-FD5D-48D0-B310-AD66B9C8E777}.Release|x64.Build.0 = Release|x64
		{6297B32B-F34F-4610-9711-E7326907BA39}.Debug|AnyCPU.ActiveCfg = Debug|Any CPU
		{6297B32B-F34F-4610-9711-E7326907BA39}.Debug|AnyCPU.Build.0 = Debug|Any CPU
		{6297B32B-F34F-4610-9711-E7326907BA39}.Debug|AnyCPU32.ActiveCfg = Debug|AnyCPU32
		{6297B32B-F34F-4610-9711-E7326907BA39}.Debug|AnyCPU32.Build.0 = Debug|AnyCPU32
		{6297B32B-F34F-4610-9711-E7326907BA39}.Debug|x64.ActiveCfg = Debug|x64
		{6297B32B-F34F-4610-9711-E7326907BA39}.Debug|x64.Build.0 = Debug|x64
		{6297B32B-F34F-4610-9711-E7326907BA39}.JustInstallers|AnyCPU.ActiveCfg = Debug|Any CPU
		{6297B32B-F34F-4610-9711-E7326907BA39}.JustInstallers|AnyCPU.Build.0 = Debug|Any CPU
		{6297B32B-F34F-4610-9711-E7326907BA39}.JustInstallers|AnyCPU32.ActiveCfg = Release|AnyCPU32
		{6297B32B-F34F-4610-9711-E7326907BA39}.JustInstallers|x64.ActiveCfg = Release|x64
		{6297B32B-F34F-4610-9711-E7326907BA39}.NoInstallers|AnyCPU.ActiveCfg = Debug|Any CPU
		{6297B32B-F34F-4610-9711-E7326907BA39}.NoInstallers|AnyCPU.Build.0 = Debug|Any CPU
		{6297B32B-F34F-4610-9711-E7326907BA39}.NoInstallers|AnyCPU32.ActiveCfg = Release|AnyCPU32
		{6297B32B-F34F-4610-9711-E7326907BA39}.NoInstallers|AnyCPU32.Build.0 = Release|AnyCPU32
		{6297B32B-F34F-4610-9711-E7326907BA39}.NoInstallers|x64.ActiveCfg = Release|x64
		{6297B32B-F34F-4610-9711-E7326907BA39}.NoInstallers|x64.Build.0 = Release|x64
		{6297B32B-F34F-4610-9711-E7326907BA39}.Release|AnyCPU.ActiveCfg = Release|Any CPU
		{6297B32B-F34F-4610-9711-E7326907BA39}.Release|AnyCPU.Build.0 = Release|Any CPU
		{6297B32B-F34F-4610-9711-E7326907BA39}.Release|AnyCPU32.ActiveCfg = Release|AnyCPU32
		{6297B32B-F34F-4610-9711-E7326907BA39}.Release|AnyCPU32.Build.0 = Release|AnyCPU32
		{6297B32B-F34F-4610-9711-E7326907BA39}.Release|x64.ActiveCfg = Release|x64
		{6297B32B-F34F-4610-9711-E7326907BA39}.Release|x64.Build.0 = Release|x64
		{0B1B0665-99D5-4990-994D-8F92A0E15299}.Debug|AnyCPU.ActiveCfg = Debug|Any CPU
		{0B1B0665-99D5-4990-994D-8F92A0E15299}.Debug|AnyCPU.Build.0 = Debug|Any CPU
		{0B1B0665-99D5-4990-994D-8F92A0E15299}.Debug|AnyCPU32.ActiveCfg = Debug|AnyCPU32
		{0B1B0665-99D5-4990-994D-8F92A0E15299}.Debug|AnyCPU32.Build.0 = Debug|AnyCPU32
		{0B1B0665-99D5-4990-994D-8F92A0E15299}.Debug|x64.ActiveCfg = Debug|x64
		{0B1B0665-99D5-4990-994D-8F92A0E15299}.Debug|x64.Build.0 = Debug|x64
		{0B1B0665-99D5-4990-994D-8F92A0E15299}.JustInstallers|AnyCPU.ActiveCfg = Debug|Any CPU
		{0B1B0665-99D5-4990-994D-8F92A0E15299}.JustInstallers|AnyCPU.Build.0 = Debug|Any CPU
		{0B1B0665-99D5-4990-994D-8F92A0E15299}.JustInstallers|AnyCPU32.ActiveCfg = Release|Any CPU
		{0B1B0665-99D5-4990-994D-8F92A0E15299}.JustInstallers|x64.ActiveCfg = Release|x64
		{0B1B0665-99D5-4990-994D-8F92A0E15299}.NoInstallers|AnyCPU.ActiveCfg = Debug|Any CPU
		{0B1B0665-99D5-4990-994D-8F92A0E15299}.NoInstallers|AnyCPU.Build.0 = Debug|Any CPU
		{0B1B0665-99D5-4990-994D-8F92A0E15299}.NoInstallers|AnyCPU32.ActiveCfg = Release|AnyCPU32
		{0B1B0665-99D5-4990-994D-8F92A0E15299}.NoInstallers|AnyCPU32.Build.0 = Release|AnyCPU32
		{0B1B0665-99D5-4990-994D-8F92A0E15299}.NoInstallers|x64.ActiveCfg = Release|x64
		{0B1B0665-99D5-4990-994D-8F92A0E15299}.NoInstallers|x64.Build.0 = Release|x64
		{0B1B0665-99D5-4990-994D-8F92A0E15299}.Release|AnyCPU.ActiveCfg = Release|Any CPU
		{0B1B0665-99D5-4990-994D-8F92A0E15299}.Release|AnyCPU.Build.0 = Release|Any CPU
		{0B1B0665-99D5-4990-994D-8F92A0E15299}.Release|AnyCPU32.ActiveCfg = Release|AnyCPU32
		{0B1B0665-99D5-4990-994D-8F92A0E15299}.Release|AnyCPU32.Build.0 = Release|AnyCPU32
		{0B1B0665-99D5-4990-994D-8F92A0E15299}.Release|x64.ActiveCfg = Release|x64
		{0B1B0665-99D5-4990-994D-8F92A0E15299}.Release|x64.Build.0 = Release|x64
		{3E28549C-C22E-4545-A13D-32981A39AE91}.Debug|AnyCPU.ActiveCfg = Debug|Any CPU
		{3E28549C-C22E-4545-A13D-32981A39AE91}.Debug|AnyCPU.Build.0 = Debug|Any CPU
		{3E28549C-C22E-4545-A13D-32981A39AE91}.Debug|AnyCPU32.ActiveCfg = Debug|Any CPU
		{3E28549C-C22E-4545-A13D-32981A39AE91}.Debug|AnyCPU32.Build.0 = Debug|Any CPU
		{3E28549C-C22E-4545-A13D-32981A39AE91}.Debug|x64.ActiveCfg = Debug|Any CPU
		{3E28549C-C22E-4545-A13D-32981A39AE91}.Debug|x64.Build.0 = Debug|Any CPU
		{3E28549C-C22E-4545-A13D-32981A39AE91}.JustInstallers|AnyCPU.ActiveCfg = Debug|Any CPU
		{3E28549C-C22E-4545-A13D-32981A39AE91}.JustInstallers|AnyCPU.Build.0 = Debug|Any CPU
		{3E28549C-C22E-4545-A13D-32981A39AE91}.JustInstallers|AnyCPU32.ActiveCfg = Release|Any CPU
		{3E28549C-C22E-4545-A13D-32981A39AE91}.JustInstallers|x64.ActiveCfg = Release|Any CPU
		{3E28549C-C22E-4545-A13D-32981A39AE91}.NoInstallers|AnyCPU.ActiveCfg = Debug|Any CPU
		{3E28549C-C22E-4545-A13D-32981A39AE91}.NoInstallers|AnyCPU.Build.0 = Debug|Any CPU
		{3E28549C-C22E-4545-A13D-32981A39AE91}.NoInstallers|AnyCPU32.ActiveCfg = Release|Any CPU
		{3E28549C-C22E-4545-A13D-32981A39AE91}.NoInstallers|AnyCPU32.Build.0 = Release|Any CPU
		{3E28549C-C22E-4545-A13D-32981A39AE91}.NoInstallers|x64.ActiveCfg = Release|Any CPU
		{3E28549C-C22E-4545-A13D-32981A39AE91}.NoInstallers|x64.Build.0 = Release|Any CPU
		{3E28549C-C22E-4545-A13D-32981A39AE91}.Release|AnyCPU.ActiveCfg = Release|Any CPU
		{3E28549C-C22E-4545-A13D-32981A39AE91}.Release|AnyCPU.Build.0 = Release|Any CPU
		{3E28549C-C22E-4545-A13D-32981A39AE91}.Release|AnyCPU32.ActiveCfg = Release|Any CPU
		{3E28549C-C22E-4545-A13D-32981A39AE91}.Release|AnyCPU32.Build.0 = Release|Any CPU
		{3E28549C-C22E-4545-A13D-32981A39AE91}.Release|x64.ActiveCfg = Release|Any CPU
		{3E28549C-C22E-4545-A13D-32981A39AE91}.Release|x64.Build.0 = Release|Any CPU
		{7BECB623-5EB3-44E4-B702-58EC3777F284}.Debug|AnyCPU.ActiveCfg = Debug|Any CPU
		{7BECB623-5EB3-44E4-B702-58EC3777F284}.Debug|AnyCPU.Build.0 = Debug|Any CPU
		{7BECB623-5EB3-44E4-B702-58EC3777F284}.Debug|AnyCPU32.ActiveCfg = Debug|Any CPU
		{7BECB623-5EB3-44E4-B702-58EC3777F284}.Debug|AnyCPU32.Build.0 = Debug|Any CPU
		{7BECB623-5EB3-44E4-B702-58EC3777F284}.Debug|x64.ActiveCfg = Debug|Any CPU
		{7BECB623-5EB3-44E4-B702-58EC3777F284}.Debug|x64.Build.0 = Debug|Any CPU
		{7BECB623-5EB3-44E4-B702-58EC3777F284}.JustInstallers|AnyCPU.ActiveCfg = Debug|Any CPU
		{7BECB623-5EB3-44E4-B702-58EC3777F284}.JustInstallers|AnyCPU.Build.0 = Debug|Any CPU
		{7BECB623-5EB3-44E4-B702-58EC3777F284}.JustInstallers|AnyCPU32.ActiveCfg = Release|Any CPU
		{7BECB623-5EB3-44E4-B702-58EC3777F284}.JustInstallers|x64.ActiveCfg = Release|Any CPU
		{7BECB623-5EB3-44E4-B702-58EC3777F284}.NoInstallers|AnyCPU.ActiveCfg = Debug|Any CPU
		{7BECB623-5EB3-44E4-B702-58EC3777F284}.NoInstallers|AnyCPU.Build.0 = Debug|Any CPU
		{7BECB623-5EB3-44E4-B702-58EC3777F284}.NoInstallers|AnyCPU32.ActiveCfg = Release|Any CPU
		{7BECB623-5EB3-44E4-B702-58EC3777F284}.NoInstallers|AnyCPU32.Build.0 = Release|Any CPU
		{7BECB623-5EB3-44E4-B702-58EC3777F284}.NoInstallers|x64.ActiveCfg = Release|Any CPU
		{7BECB623-5EB3-44E4-B702-58EC3777F284}.NoInstallers|x64.Build.0 = Release|Any CPU
		{7BECB623-5EB3-44E4-B702-58EC3777F284}.Release|AnyCPU.ActiveCfg = Release|Any CPU
		{7BECB623-5EB3-44E4-B702-58EC3777F284}.Release|AnyCPU.Build.0 = Release|Any CPU
		{7BECB623-5EB3-44E4-B702-58EC3777F284}.Release|AnyCPU32.ActiveCfg = Release|Any CPU
		{7BECB623-5EB3-44E4-B702-58EC3777F284}.Release|AnyCPU32.Build.0 = Release|Any CPU
		{7BECB623-5EB3-44E4-B702-58EC3777F284}.Release|x64.ActiveCfg = Release|Any CPU
		{7BECB623-5EB3-44E4-B702-58EC3777F284}.Release|x64.Build.0 = Release|Any CPU
		{94715B35-6F71-403B-84D1-9839C017CED6}.Debug|AnyCPU.ActiveCfg = Debug|Any CPU
		{94715B35-6F71-403B-84D1-9839C017CED6}.Debug|AnyCPU.Build.0 = Debug|Any CPU
		{94715B35-6F71-403B-84D1-9839C017CED6}.Debug|AnyCPU32.ActiveCfg = Debug|Any CPU
		{94715B35-6F71-403B-84D1-9839C017CED6}.Debug|AnyCPU32.Build.0 = Debug|Any CPU
		{94715B35-6F71-403B-84D1-9839C017CED6}.Debug|x64.ActiveCfg = Debug|Any CPU
		{94715B35-6F71-403B-84D1-9839C017CED6}.Debug|x64.Build.0 = Debug|Any CPU
		{94715B35-6F71-403B-84D1-9839C017CED6}.JustInstallers|AnyCPU.ActiveCfg = Debug|Any CPU
		{94715B35-6F71-403B-84D1-9839C017CED6}.JustInstallers|AnyCPU.Build.0 = Debug|Any CPU
		{94715B35-6F71-403B-84D1-9839C017CED6}.JustInstallers|AnyCPU32.ActiveCfg = Release|Any CPU
		{94715B35-6F71-403B-84D1-9839C017CED6}.JustInstallers|x64.ActiveCfg = Release|Any CPU
		{94715B35-6F71-403B-84D1-9839C017CED6}.NoInstallers|AnyCPU.ActiveCfg = Debug|Any CPU
		{94715B35-6F71-403B-84D1-9839C017CED6}.NoInstallers|AnyCPU.Build.0 = Debug|Any CPU
		{94715B35-6F71-403B-84D1-9839C017CED6}.NoInstallers|AnyCPU32.ActiveCfg = Release|Any CPU
		{94715B35-6F71-403B-84D1-9839C017CED6}.NoInstallers|AnyCPU32.Build.0 = Release|Any CPU
		{94715B35-6F71-403B-84D1-9839C017CED6}.NoInstallers|x64.ActiveCfg = Release|Any CPU
		{94715B35-6F71-403B-84D1-9839C017CED6}.NoInstallers|x64.Build.0 = Release|Any CPU
		{94715B35-6F71-403B-84D1-9839C017CED6}.Release|AnyCPU.ActiveCfg = Release|Any CPU
		{94715B35-6F71-403B-84D1-9839C017CED6}.Release|AnyCPU.Build.0 = Release|Any CPU
		{94715B35-6F71-403B-84D1-9839C017CED6}.Release|AnyCPU32.ActiveCfg = Release|Any CPU
		{94715B35-6F71-403B-84D1-9839C017CED6}.Release|AnyCPU32.Build.0 = Release|Any CPU
		{94715B35-6F71-403B-84D1-9839C017CED6}.Release|x64.ActiveCfg = Release|Any CPU
		{94715B35-6F71-403B-84D1-9839C017CED6}.Release|x64.Build.0 = Release|Any CPU	
		{E6886A7C-866A-499C-9933-3E87281B6CB1}.Debug|AnyCPU.ActiveCfg = Debug|Any CPU
		{E6886A7C-866A-499C-9933-3E87281B6CB1}.Debug|AnyCPU.Build.0 = Debug|Any CPU
		{E6886A7C-866A-499C-9933-3E87281B6CB1}.Debug|AnyCPU32.ActiveCfg = Debug|AnyCPU32
		{E6886A7C-866A-499C-9933-3E87281B6CB1}.Debug|AnyCPU32.Build.0 = Debug|AnyCPU32
		{E6886A7C-866A-499C-9933-3E87281B6CB1}.Debug|x64.ActiveCfg = Debug|x64
		{E6886A7C-866A-499C-9933-3E87281B6CB1}.Debug|x64.Build.0 = Debug|x64
		{E6886A7C-866A-499C-9933-3E87281B6CB1}.JustInstallers|AnyCPU.ActiveCfg = Release|Any CPU
		{E6886A7C-866A-499C-9933-3E87281B6CB1}.JustInstallers|AnyCPU32.ActiveCfg = Release|AnyCPU32
		{E6886A7C-866A-499C-9933-3E87281B6CB1}.JustInstallers|x64.ActiveCfg = Release|x64
		{E6886A7C-866A-499C-9933-3E87281B6CB1}.NoInstallers|AnyCPU.ActiveCfg = Release|Any CPU
		{E6886A7C-866A-499C-9933-3E87281B6CB1}.NoInstallers|AnyCPU.Build.0 = Release|Any CPU
		{E6886A7C-866A-499C-9933-3E87281B6CB1}.NoInstallers|AnyCPU32.ActiveCfg = Release|AnyCPU32
		{E6886A7C-866A-499C-9933-3E87281B6CB1}.NoInstallers|AnyCPU32.Build.0 = Release|AnyCPU32
		{E6886A7C-866A-499C-9933-3E87281B6CB1}.NoInstallers|x64.ActiveCfg = Release|x64
		{E6886A7C-866A-499C-9933-3E87281B6CB1}.NoInstallers|x64.Build.0 = Release|x64
		{E6886A7C-866A-499C-9933-3E87281B6CB1}.Release|AnyCPU.ActiveCfg = Release|Any CPU
		{E6886A7C-866A-499C-9933-3E87281B6CB1}.Release|AnyCPU.Build.0 = Release|Any CPU
		{E6886A7C-866A-499C-9933-3E87281B6CB1}.Release|AnyCPU32.ActiveCfg = Release|AnyCPU32
		{E6886A7C-866A-499C-9933-3E87281B6CB1}.Release|AnyCPU32.Build.0 = Release|AnyCPU32
		{E6886A7C-866A-499C-9933-3E87281B6CB1}.Release|x64.ActiveCfg = Release|x64
		{E6886A7C-866A-499C-9933-3E87281B6CB1}.Release|x64.Build.0 = Release|x64
	EndGlobalSection
	GlobalSection(SolutionProperties) = preSolution
		HideSolutionNode = FALSE
	EndGlobalSection
	GlobalSection(NestedProjects) = preSolution
		{CF76C2FC-2BE1-4C8C-AE08-E538765C63EF} = {4BAD86A3-88DE-4AD6-B1E3-982D118CCB8D}
		{B81321DB-0CD8-4E6D-843C-0461979EEE9D} = {4BAD86A3-88DE-4AD6-B1E3-982D118CCB8D}
		{EFC42B48-44DD-4066-81F4-60C0D8104F7B} = {C8FEC79C-D618-482A-84E1-F07C5D220581}
		{6977F474-C7E1-4CA3-880A-679ED43F1AAE} = {4BAD86A3-88DE-4AD6-B1E3-982D118CCB8D}
		{D17E62CB-E81A-412E-931B-CD4456151C40} = {4BAD86A3-88DE-4AD6-B1E3-982D118CCB8D}
		{E14DF324-9C86-48B8-9C67-CDBF30404758} = {4BAD86A3-88DE-4AD6-B1E3-982D118CCB8D}
		{CC8E53BF-9DFB-4D6F-9B85-0994C9C0D49A} = {4BAD86A3-88DE-4AD6-B1E3-982D118CCB8D}
		{DFD0A1EB-4B61-4A69-BCCA-BB0AB46088B1} = {4BAD86A3-88DE-4AD6-B1E3-982D118CCB8D}
		{E39821C7-ADBC-4FCF-9497-FD44A6FC2CE9} = {4BAD86A3-88DE-4AD6-B1E3-982D118CCB8D}
		{9CA5E376-5653-4B71-B58B-1685B8227790} = {4BAD86A3-88DE-4AD6-B1E3-982D118CCB8D}
		{5326288B-FD5D-48D0-B310-AD66B9C8E777} = {4BAD86A3-88DE-4AD6-B1E3-982D118CCB8D}
		{3E28549C-C22E-4545-A13D-32981A39AE91} = {C8FEC79C-D618-482A-84E1-F07C5D220581}
		{7BECB623-5EB3-44E4-B702-58EC3777F284} = {C8FEC79C-D618-482A-84E1-F07C5D220581}
		{94715B35-6F71-403B-84D1-9839C017CED6} = {C8FEC79C-D618-482A-84E1-F07C5D220581}
	EndGlobalSection
	GlobalSection(ExtensibilityGlobals) = postSolution
		SolutionGuid = {3B206942-1574-47C9-BA9A-843FD9F493D4}
	EndGlobalSection
EndGlobal
