
Microsoft Visual Studio Solution File, Format Version 12.00
# Visual Studio Version 16
VisualStudioVersion = 16.0.29806.167
MinimumVisualStudioVersion = 10.0.40219.1
Project("{FAE04EC0-301F-11D3-BF4B-00C04F79EFBC}") = "Aircraft AV-8B", "Aircraft AV-8B\Aircraft AV-8B.csproj", "{2B00F04B-3CB2-44E7-B49B-DA94FF74C66C}"
EndProject
Project("{FAE04EC0-301F-11D3-BF4B-00C04F79EFBC}") = "Aircraft M2000C", "Aircraft M2000C\Aircraft M2000C.csproj", "{BD8B2678-7D32-4E3D-8A9D-CA1CE201285F}"
EndProject
Project("{FAE04EC0-301F-11D3-BF4B-00C04F79EFBC}") = "Aircraft FA-18C", "Aircraft FA-18C\Aircraft FA-18C.csproj", "{4FDCE381-AA97-4C5E-B4CF-F9EC6792DD2C}"
EndProject
Project("{FAE04EC0-301F-11D3-BF4B-00C04F79EFBC}") = "Helios", "Helios\Helios.csproj", "{E5ABE3F5-46EC-46D1-9330-D42311471A93}"
	ProjectSection(ProjectDependencies) = postProject
		{D17E62CB-E81A-412E-931B-CD4456151C40} = {D17E62CB-E81A-412E-931B-CD4456151C40}
	EndProjectSection
EndProject
Project("{FAE04EC0-301F-11D3-BF4B-00C04F79EFBC}") = "Profile Editor", "Profile Editor\Profile Editor.csproj", "{3AF089A2-9DA0-40C3-AD3A-92253F497BC8}"
	ProjectSection(ProjectDependencies) = postProject
		{EBC0933D-26DF-4199-AA44-D5ADBD449342} = {EBC0933D-26DF-4199-AA44-D5ADBD449342}
	EndProjectSection
EndProject
Project("{FAE04EC0-301F-11D3-BF4B-00C04F79EFBC}") = "Control Center", "Control Center\Control Center.csproj", "{80D80B0F-0DC0-49E2-97C2-3CC6436FA61F}"
	ProjectSection(ProjectDependencies) = postProject
		{EBC0933D-26DF-4199-AA44-D5ADBD449342} = {EBC0933D-26DF-4199-AA44-D5ADBD449342}
	EndProjectSection
EndProject
Project("{FAE04EC0-301F-11D3-BF4B-00C04F79EFBC}") = "Phidgets", "Phidgets\Phidgets.csproj", "{06BA10F4-279C-4E82-B77C-333706A617B9}"
EndProject
Project("{FAE04EC0-301F-11D3-BF4B-00C04F79EFBC}") = "Keypress Receiver", "KeyPressReceiver\Keypress Receiver.csproj", "{5F79059E-6954-45C1-8929-27683551D25A}"
EndProject
Project("{54435603-DBB4-11D2-8724-00A0C9A8B90C}") = "Keypress Receiver Installer", "Keypress Receiver Installer\Keypress Receiver Installer.vdproj", "{61272BD1-E670-45CC-918B-1208B837F4DC}"
EndProject
Project("{54435603-DBB4-11D2-8724-00A0C9A8B90C}") = "Helios Installer", "Helios Installer\Helios Installer.vdproj", "{3EBE3C85-C79E-42EF-AA07-EEDA5990205B}"
	ProjectSection(ProjectDependencies) = postProject
		{5F79059E-6954-45C1-8929-27683551D25A} = {5F79059E-6954-45C1-8929-27683551D25A}
		{61272BD1-E670-45CC-918B-1208B837F4DC} = {61272BD1-E670-45CC-918B-1208B837F4DC}
	EndProjectSection
EndProject
Project("{FAE04EC0-301F-11D3-BF4B-00C04F79EFBC}") = "Aircraft A-10C", "Aircraft A-10C\Aircraft A-10C.csproj", "{80870108-EFE4-4ADF-969D-A0CE06123271}"
EndProject
Project("{2150E333-8FDC-42A3-9474-1A3956D46DE8}") = "Solution Items", "Solution Items", "{D2584DE8-3723-4154-9F82-9AF2F5A37939}"
	ProjectSection(SolutionItems) = preProject
		.gitattributes = .gitattributes
		.gitignore = .gitignore
		AssemblyVersion.targets = AssemblyVersion.targets
		build.cmd = build.cmd
		Helios.targets = Helios.targets
		Helios Installer\HeliosInstallAdjustments.vbs = Helios Installer\HeliosInstallAdjustments.vbs
		HeliosPlugin.targets = HeliosPlugin.targets
		Platforms.properties = Platforms.properties
		PlatformsForPlugin.properties = PlatformsForPlugin.properties
	EndProjectSection
EndProject
Project("{2150E333-8FDC-42A3-9474-1A3956D46DE8}") = "Tools", "Tools", "{4BAD86A3-88DE-4AD6-B1E3-982D118CCB8D}"
EndProject
Project("{FAE04EC0-301F-11D3-BF4B-00C04F79EFBC}") = "GenerateTestMonitorSetup", "Tools\GenerateTestMonitorSetup\GenerateTestMonitorSetup.csproj", "{CF76C2FC-2BE1-4C8C-AE08-E538765C63EF}"
EndProject
Project("{FAE04EC0-301F-11D3-BF4B-00C04F79EFBC}") = "ToolsCommon", "Tools\ToolsCommon\ToolsCommon.csproj", "{B81321DB-0CD8-4E6D-843C-0461979EEE9D}"
EndProject
Project("{FAE04EC0-301F-11D3-BF4B-00C04F79EFBC}") = "Patching", "Patching\Patching.csproj", "{85E85BDF-EB98-4440-BC7D-52CD44176BD9}"
	ProjectSection(ProjectDependencies) = postProject
		{D17E62CB-E81A-412E-931B-CD4456151C40} = {D17E62CB-E81A-412E-931B-CD4456151C40}
	EndProjectSection
EndProject
Project("{2150E333-8FDC-42A3-9474-1A3956D46DE8}") = "ThirdParty", "ThirdParty", "{C8FEC79C-D618-482A-84E1-F07C5D220581}"
EndProject
Project("{FAE04EC0-301F-11D3-BF4B-00C04F79EFBC}") = "GoogleDiffMatchPatch", "ThirdParty\diff-match-patch\GoogleDiffMatchPatch.csproj", "{EFC42B48-44DD-4066-81F4-60C0D8104F7B}"
EndProject
Project("{FAE04EC0-301F-11D3-BF4B-00C04F79EFBC}") = "TestApplyPatches", "Tools\TestApplyPatches\TestApplyPatches.csproj", "{6977F474-C7E1-4CA3-880A-679ED43F1AAE}"
	ProjectSection(ProjectDependencies) = postProject
		{85E85BDF-EB98-4440-BC7D-52CD44176BD9} = {85E85BDF-EB98-4440-BC7D-52CD44176BD9}
		{DFD0A1EB-4B61-4A69-BCCA-BB0AB46088B1} = {DFD0A1EB-4B61-4A69-BCCA-BB0AB46088B1}
	EndProjectSection
EndProject
Project("{FAE04EC0-301F-11D3-BF4B-00C04F79EFBC}") = "GenerateSimulatorViewportTemplates", "Tools\GenerateSimulatorViewportTemplates\GenerateSimulatorViewportTemplates.csproj", "{D17E62CB-E81A-412E-931B-CD4456151C40}"
EndProject
Project("{FAE04EC0-301F-11D3-BF4B-00C04F79EFBC}") = "GoogleDiff", "Tools\GoogleDiff\GoogleDiff.csproj", "{E14DF324-9C86-48B8-9C67-CDBF30404758}"
EndProject
Project("{FAE04EC0-301F-11D3-BF4B-00C04F79EFBC}") = "EditViewports", "Tools\EditViewports\EditViewports.csproj", "{CC8E53BF-9DFB-4D6F-9B85-0994C9C0D49A}"
EndProject
Project("{FAE04EC0-301F-11D3-BF4B-00C04F79EFBC}") = "GeneratePatches", "Tools\GeneratePatches\GeneratePatches.csproj", "{DFD0A1EB-4B61-4A69-BCCA-BB0AB46088B1}"
EndProject
Project("{FAE04EC0-301F-11D3-BF4B-00C04F79EFBC}") = "SampleProgram", "Tools\SampleProgram\SampleProgram.csproj", "{E39821C7-ADBC-4FCF-9497-FD44A6FC2CE9}"
EndProject
Project("{FAE04EC0-301F-11D3-BF4B-00C04F79EFBC}") = "ResourcesAndPlugins", "ResourcesAndPlugins\ResourcesAndPlugins.csproj", "{EBC0933D-26DF-4199-AA44-D5ADBD449342}"
	ProjectSection(ProjectDependencies) = postProject
		{80870108-EFE4-4ADF-969D-A0CE06123271} = {80870108-EFE4-4ADF-969D-A0CE06123271}
		{A7237E1E-B363-491D-9B78-BD46CCE689AA} = {A7237E1E-B363-491D-9B78-BD46CCE689AA}
		{2B00F04B-3CB2-44E7-B49B-DA94FF74C66C} = {2B00F04B-3CB2-44E7-B49B-DA94FF74C66C}
		{BD8B2678-7D32-4E3D-8A9D-CA1CE201285F} = {BD8B2678-7D32-4E3D-8A9D-CA1CE201285F}
		{4FDCE381-AA97-4C5E-B4CF-F9EC6792DD2C} = {4FDCE381-AA97-4C5E-B4CF-F9EC6792DD2C}
		{5F79059E-6954-45C1-8929-27683551D25A} = {5F79059E-6954-45C1-8929-27683551D25A}
		{85E85BDF-EB98-4440-BC7D-52CD44176BD9} = {85E85BDF-EB98-4440-BC7D-52CD44176BD9}
		{06BA10F4-279C-4E82-B77C-333706A617B9} = {06BA10F4-279C-4E82-B77C-333706A617B9}
		{E5ABE3F5-46EC-46D1-9330-D42311471A93} = {E5ABE3F5-46EC-46D1-9330-D42311471A93}
	EndProjectSection
EndProject
Project("{FAE04EC0-301F-11D3-BF4B-00C04F79EFBC}") = "HeliosFalcon", "HeliosFalcon\HeliosFalcon.csproj", "{A7237E1E-B363-491D-9B78-BD46CCE689AA}"
EndProject
Global
	GlobalSection(SolutionConfigurationPlatforms) = preSolution
		Debug|Any CPU = Debug|Any CPU
		Debug|x64 = Debug|x64
		Development|Any CPU = Development|Any CPU
		Development|x64 = Development|x64
		JustInstallers|Any CPU = JustInstallers|Any CPU
		JustInstallers|x64 = JustInstallers|x64
		NoInstallers|Any CPU = NoInstallers|Any CPU
		NoInstallers|x64 = NoInstallers|x64
		Release|Any CPU = Release|Any CPU
		Release|x64 = Release|x64
	EndGlobalSection
	GlobalSection(ProjectConfigurationPlatforms) = postSolution
		{2B00F04B-3CB2-44E7-B49B-DA94FF74C66C}.Debug|Any CPU.ActiveCfg = Debug|Any CPU
		{2B00F04B-3CB2-44E7-B49B-DA94FF74C66C}.Debug|Any CPU.Build.0 = Debug|Any CPU
		{2B00F04B-3CB2-44E7-B49B-DA94FF74C66C}.Debug|x64.ActiveCfg = Debug|x64
		{2B00F04B-3CB2-44E7-B49B-DA94FF74C66C}.Debug|x64.Build.0 = Debug|x64
		{2B00F04B-3CB2-44E7-B49B-DA94FF74C66C}.Development|Any CPU.ActiveCfg = Debug|Any CPU
		{2B00F04B-3CB2-44E7-B49B-DA94FF74C66C}.Development|Any CPU.Build.0 = Debug|Any CPU
		{2B00F04B-3CB2-44E7-B49B-DA94FF74C66C}.Development|x64.ActiveCfg = Debug|x64
		{2B00F04B-3CB2-44E7-B49B-DA94FF74C66C}.Development|x64.Build.0 = Debug|x64
		{2B00F04B-3CB2-44E7-B49B-DA94FF74C66C}.JustInstallers|Any CPU.ActiveCfg = Release|Any CPU
		{2B00F04B-3CB2-44E7-B49B-DA94FF74C66C}.JustInstallers|x64.ActiveCfg = Release|x64
		{2B00F04B-3CB2-44E7-B49B-DA94FF74C66C}.NoInstallers|Any CPU.ActiveCfg = Release|Any CPU
		{2B00F04B-3CB2-44E7-B49B-DA94FF74C66C}.NoInstallers|Any CPU.Build.0 = Release|Any CPU
		{2B00F04B-3CB2-44E7-B49B-DA94FF74C66C}.NoInstallers|x64.ActiveCfg = Release|x64
		{2B00F04B-3CB2-44E7-B49B-DA94FF74C66C}.NoInstallers|x64.Build.0 = Release|x64
		{2B00F04B-3CB2-44E7-B49B-DA94FF74C66C}.Release|Any CPU.ActiveCfg = Release|Any CPU
		{2B00F04B-3CB2-44E7-B49B-DA94FF74C66C}.Release|Any CPU.Build.0 = Release|Any CPU
		{2B00F04B-3CB2-44E7-B49B-DA94FF74C66C}.Release|x64.ActiveCfg = Release|x64
		{2B00F04B-3CB2-44E7-B49B-DA94FF74C66C}.Release|x64.Build.0 = Release|x64
		{BD8B2678-7D32-4E3D-8A9D-CA1CE201285F}.Debug|Any CPU.ActiveCfg = Debug|Any CPU
		{BD8B2678-7D32-4E3D-8A9D-CA1CE201285F}.Debug|Any CPU.Build.0 = Debug|Any CPU
		{BD8B2678-7D32-4E3D-8A9D-CA1CE201285F}.Debug|x64.ActiveCfg = Debug|x64
		{BD8B2678-7D32-4E3D-8A9D-CA1CE201285F}.Debug|x64.Build.0 = Debug|x64
		{BD8B2678-7D32-4E3D-8A9D-CA1CE201285F}.Development|Any CPU.ActiveCfg = Debug|Any CPU
		{BD8B2678-7D32-4E3D-8A9D-CA1CE201285F}.Development|Any CPU.Build.0 = Debug|Any CPU
		{BD8B2678-7D32-4E3D-8A9D-CA1CE201285F}.Development|x64.ActiveCfg = Debug|x64
		{BD8B2678-7D32-4E3D-8A9D-CA1CE201285F}.Development|x64.Build.0 = Debug|x64
		{BD8B2678-7D32-4E3D-8A9D-CA1CE201285F}.JustInstallers|Any CPU.ActiveCfg = Release|Any CPU
		{BD8B2678-7D32-4E3D-8A9D-CA1CE201285F}.JustInstallers|x64.ActiveCfg = Release|x64
		{BD8B2678-7D32-4E3D-8A9D-CA1CE201285F}.NoInstallers|Any CPU.ActiveCfg = Release|Any CPU
		{BD8B2678-7D32-4E3D-8A9D-CA1CE201285F}.NoInstallers|Any CPU.Build.0 = Release|Any CPU
		{BD8B2678-7D32-4E3D-8A9D-CA1CE201285F}.NoInstallers|x64.ActiveCfg = Release|x64
		{BD8B2678-7D32-4E3D-8A9D-CA1CE201285F}.NoInstallers|x64.Build.0 = Release|x64
		{BD8B2678-7D32-4E3D-8A9D-CA1CE201285F}.Release|Any CPU.ActiveCfg = Release|Any CPU
		{BD8B2678-7D32-4E3D-8A9D-CA1CE201285F}.Release|Any CPU.Build.0 = Release|Any CPU
		{BD8B2678-7D32-4E3D-8A9D-CA1CE201285F}.Release|x64.ActiveCfg = Release|x64
		{BD8B2678-7D32-4E3D-8A9D-CA1CE201285F}.Release|x64.Build.0 = Release|x64
		{4FDCE381-AA97-4C5E-B4CF-F9EC6792DD2C}.Debug|Any CPU.ActiveCfg = Debug|Any CPU
		{4FDCE381-AA97-4C5E-B4CF-F9EC6792DD2C}.Debug|Any CPU.Build.0 = Debug|Any CPU
		{4FDCE381-AA97-4C5E-B4CF-F9EC6792DD2C}.Debug|x64.ActiveCfg = Debug|x64
		{4FDCE381-AA97-4C5E-B4CF-F9EC6792DD2C}.Debug|x64.Build.0 = Debug|x64
		{4FDCE381-AA97-4C5E-B4CF-F9EC6792DD2C}.Development|Any CPU.ActiveCfg = Debug|Any CPU
		{4FDCE381-AA97-4C5E-B4CF-F9EC6792DD2C}.Development|Any CPU.Build.0 = Debug|Any CPU
		{4FDCE381-AA97-4C5E-B4CF-F9EC6792DD2C}.Development|x64.ActiveCfg = Debug|x64
		{4FDCE381-AA97-4C5E-B4CF-F9EC6792DD2C}.Development|x64.Build.0 = Debug|x64
		{4FDCE381-AA97-4C5E-B4CF-F9EC6792DD2C}.JustInstallers|Any CPU.ActiveCfg = Release|Any CPU
		{4FDCE381-AA97-4C5E-B4CF-F9EC6792DD2C}.JustInstallers|x64.ActiveCfg = Release|x64
		{4FDCE381-AA97-4C5E-B4CF-F9EC6792DD2C}.NoInstallers|Any CPU.ActiveCfg = Release|Any CPU
		{4FDCE381-AA97-4C5E-B4CF-F9EC6792DD2C}.NoInstallers|Any CPU.Build.0 = Release|Any CPU
		{4FDCE381-AA97-4C5E-B4CF-F9EC6792DD2C}.NoInstallers|x64.ActiveCfg = Release|x64
		{4FDCE381-AA97-4C5E-B4CF-F9EC6792DD2C}.NoInstallers|x64.Build.0 = Release|x64
		{4FDCE381-AA97-4C5E-B4CF-F9EC6792DD2C}.Release|Any CPU.ActiveCfg = Release|Any CPU
		{4FDCE381-AA97-4C5E-B4CF-F9EC6792DD2C}.Release|Any CPU.Build.0 = Release|Any CPU
		{4FDCE381-AA97-4C5E-B4CF-F9EC6792DD2C}.Release|x64.ActiveCfg = Release|x64
		{4FDCE381-AA97-4C5E-B4CF-F9EC6792DD2C}.Release|x64.Build.0 = Release|x64
		{E5ABE3F5-46EC-46D1-9330-D42311471A93}.Debug|Any CPU.ActiveCfg = Debug|Any CPU
		{E5ABE3F5-46EC-46D1-9330-D42311471A93}.Debug|Any CPU.Build.0 = Debug|Any CPU
		{E5ABE3F5-46EC-46D1-9330-D42311471A93}.Debug|x64.ActiveCfg = Debug|x64
		{E5ABE3F5-46EC-46D1-9330-D42311471A93}.Debug|x64.Build.0 = Debug|x64
		{E5ABE3F5-46EC-46D1-9330-D42311471A93}.Development|Any CPU.ActiveCfg = Development|Any CPU
		{E5ABE3F5-46EC-46D1-9330-D42311471A93}.Development|Any CPU.Build.0 = Development|Any CPU
		{E5ABE3F5-46EC-46D1-9330-D42311471A93}.Development|x64.ActiveCfg = Development|x64
		{E5ABE3F5-46EC-46D1-9330-D42311471A93}.Development|x64.Build.0 = Development|x64
		{E5ABE3F5-46EC-46D1-9330-D42311471A93}.JustInstallers|Any CPU.ActiveCfg = Development|Any CPU
		{E5ABE3F5-46EC-46D1-9330-D42311471A93}.JustInstallers|x64.ActiveCfg = Release|x64
		{E5ABE3F5-46EC-46D1-9330-D42311471A93}.NoInstallers|Any CPU.ActiveCfg = Development|Any CPU
		{E5ABE3F5-46EC-46D1-9330-D42311471A93}.NoInstallers|Any CPU.Build.0 = Development|Any CPU
		{E5ABE3F5-46EC-46D1-9330-D42311471A93}.NoInstallers|x64.ActiveCfg = Release|x64
		{E5ABE3F5-46EC-46D1-9330-D42311471A93}.NoInstallers|x64.Build.0 = Release|x64
		{E5ABE3F5-46EC-46D1-9330-D42311471A93}.Release|Any CPU.ActiveCfg = Release|Any CPU
		{E5ABE3F5-46EC-46D1-9330-D42311471A93}.Release|Any CPU.Build.0 = Release|Any CPU
		{E5ABE3F5-46EC-46D1-9330-D42311471A93}.Release|x64.ActiveCfg = Release|x64
		{E5ABE3F5-46EC-46D1-9330-D42311471A93}.Release|x64.Build.0 = Release|x64
		{3AF089A2-9DA0-40C3-AD3A-92253F497BC8}.Debug|Any CPU.ActiveCfg = Debug|Any CPU
		{3AF089A2-9DA0-40C3-AD3A-92253F497BC8}.Debug|Any CPU.Build.0 = Debug|Any CPU
		{3AF089A2-9DA0-40C3-AD3A-92253F497BC8}.Debug|x64.ActiveCfg = Debug|x64
		{3AF089A2-9DA0-40C3-AD3A-92253F497BC8}.Debug|x64.Build.0 = Debug|x64
		{3AF089A2-9DA0-40C3-AD3A-92253F497BC8}.Development|Any CPU.ActiveCfg = Debug|Any CPU
		{3AF089A2-9DA0-40C3-AD3A-92253F497BC8}.Development|Any CPU.Build.0 = Debug|Any CPU
		{3AF089A2-9DA0-40C3-AD3A-92253F497BC8}.Development|x64.ActiveCfg = Debug|x64
		{3AF089A2-9DA0-40C3-AD3A-92253F497BC8}.Development|x64.Build.0 = Debug|x64
		{3AF089A2-9DA0-40C3-AD3A-92253F497BC8}.JustInstallers|Any CPU.ActiveCfg = Release|Any CPU
		{3AF089A2-9DA0-40C3-AD3A-92253F497BC8}.JustInstallers|x64.ActiveCfg = Release|x64
		{3AF089A2-9DA0-40C3-AD3A-92253F497BC8}.NoInstallers|Any CPU.ActiveCfg = Release|Any CPU
		{3AF089A2-9DA0-40C3-AD3A-92253F497BC8}.NoInstallers|Any CPU.Build.0 = Release|Any CPU
		{3AF089A2-9DA0-40C3-AD3A-92253F497BC8}.NoInstallers|x64.ActiveCfg = Release|x64
		{3AF089A2-9DA0-40C3-AD3A-92253F497BC8}.NoInstallers|x64.Build.0 = Release|x64
		{3AF089A2-9DA0-40C3-AD3A-92253F497BC8}.Release|Any CPU.ActiveCfg = Release|Any CPU
		{3AF089A2-9DA0-40C3-AD3A-92253F497BC8}.Release|Any CPU.Build.0 = Release|Any CPU
		{3AF089A2-9DA0-40C3-AD3A-92253F497BC8}.Release|x64.ActiveCfg = Release|x64
		{3AF089A2-9DA0-40C3-AD3A-92253F497BC8}.Release|x64.Build.0 = Release|x64
		{80D80B0F-0DC0-49E2-97C2-3CC6436FA61F}.Debug|Any CPU.ActiveCfg = Debug|Any CPU
		{80D80B0F-0DC0-49E2-97C2-3CC6436FA61F}.Debug|Any CPU.Build.0 = Debug|Any CPU
		{80D80B0F-0DC0-49E2-97C2-3CC6436FA61F}.Debug|x64.ActiveCfg = Debug|x64
		{80D80B0F-0DC0-49E2-97C2-3CC6436FA61F}.Debug|x64.Build.0 = Debug|x64
		{80D80B0F-0DC0-49E2-97C2-3CC6436FA61F}.Development|Any CPU.ActiveCfg = Development|Any CPU
		{80D80B0F-0DC0-49E2-97C2-3CC6436FA61F}.Development|Any CPU.Build.0 = Development|Any CPU
		{80D80B0F-0DC0-49E2-97C2-3CC6436FA61F}.Development|x64.ActiveCfg = Development|x64
		{80D80B0F-0DC0-49E2-97C2-3CC6436FA61F}.Development|x64.Build.0 = Development|x64
		{80D80B0F-0DC0-49E2-97C2-3CC6436FA61F}.JustInstallers|Any CPU.ActiveCfg = Development|Any CPU
		{80D80B0F-0DC0-49E2-97C2-3CC6436FA61F}.JustInstallers|x64.ActiveCfg = Release|x64
		{80D80B0F-0DC0-49E2-97C2-3CC6436FA61F}.NoInstallers|Any CPU.ActiveCfg = Development|Any CPU
		{80D80B0F-0DC0-49E2-97C2-3CC6436FA61F}.NoInstallers|Any CPU.Build.0 = Development|Any CPU
		{80D80B0F-0DC0-49E2-97C2-3CC6436FA61F}.NoInstallers|x64.ActiveCfg = Release|x64
		{80D80B0F-0DC0-49E2-97C2-3CC6436FA61F}.NoInstallers|x64.Build.0 = Release|x64
		{80D80B0F-0DC0-49E2-97C2-3CC6436FA61F}.Release|Any CPU.ActiveCfg = Release|Any CPU
		{80D80B0F-0DC0-49E2-97C2-3CC6436FA61F}.Release|Any CPU.Build.0 = Release|Any CPU
		{80D80B0F-0DC0-49E2-97C2-3CC6436FA61F}.Release|x64.ActiveCfg = Release|x64
		{80D80B0F-0DC0-49E2-97C2-3CC6436FA61F}.Release|x64.Build.0 = Release|x64
		{06BA10F4-279C-4E82-B77C-333706A617B9}.Debug|Any CPU.ActiveCfg = Debug|Any CPU
		{06BA10F4-279C-4E82-B77C-333706A617B9}.Debug|Any CPU.Build.0 = Debug|Any CPU
		{06BA10F4-279C-4E82-B77C-333706A617B9}.Debug|x64.ActiveCfg = Debug|x64
		{06BA10F4-279C-4E82-B77C-333706A617B9}.Debug|x64.Build.0 = Debug|x64
		{06BA10F4-279C-4E82-B77C-333706A617B9}.Development|Any CPU.ActiveCfg = Debug|Any CPU
		{06BA10F4-279C-4E82-B77C-333706A617B9}.Development|Any CPU.Build.0 = Debug|Any CPU
		{06BA10F4-279C-4E82-B77C-333706A617B9}.Development|x64.ActiveCfg = Debug|x64
		{06BA10F4-279C-4E82-B77C-333706A617B9}.Development|x64.Build.0 = Debug|x64
		{06BA10F4-279C-4E82-B77C-333706A617B9}.JustInstallers|Any CPU.ActiveCfg = Release|Any CPU
		{06BA10F4-279C-4E82-B77C-333706A617B9}.JustInstallers|x64.ActiveCfg = Release|x64
		{06BA10F4-279C-4E82-B77C-333706A617B9}.NoInstallers|Any CPU.ActiveCfg = Release|Any CPU
		{06BA10F4-279C-4E82-B77C-333706A617B9}.NoInstallers|Any CPU.Build.0 = Release|Any CPU
		{06BA10F4-279C-4E82-B77C-333706A617B9}.NoInstallers|x64.ActiveCfg = Release|x64
		{06BA10F4-279C-4E82-B77C-333706A617B9}.NoInstallers|x64.Build.0 = Release|x64
		{06BA10F4-279C-4E82-B77C-333706A617B9}.Release|Any CPU.ActiveCfg = Release|Any CPU
		{06BA10F4-279C-4E82-B77C-333706A617B9}.Release|Any CPU.Build.0 = Release|Any CPU
		{06BA10F4-279C-4E82-B77C-333706A617B9}.Release|x64.ActiveCfg = Release|x64
		{06BA10F4-279C-4E82-B77C-333706A617B9}.Release|x64.Build.0 = Release|x64
		{5F79059E-6954-45C1-8929-27683551D25A}.Debug|Any CPU.ActiveCfg = Debug|Any CPU
		{5F79059E-6954-45C1-8929-27683551D25A}.Debug|x64.ActiveCfg = Debug|x64
		{5F79059E-6954-45C1-8929-27683551D25A}.Debug|x64.Build.0 = Debug|x64
		{5F79059E-6954-45C1-8929-27683551D25A}.Development|Any CPU.ActiveCfg = Debug|Any CPU
		{5F79059E-6954-45C1-8929-27683551D25A}.Development|Any CPU.Build.0 = Debug|Any CPU
		{5F79059E-6954-45C1-8929-27683551D25A}.Development|x64.ActiveCfg = Debug|x64
		{5F79059E-6954-45C1-8929-27683551D25A}.Development|x64.Build.0 = Debug|x64
		{5F79059E-6954-45C1-8929-27683551D25A}.JustInstallers|Any CPU.ActiveCfg = Release|Any CPU
		{5F79059E-6954-45C1-8929-27683551D25A}.JustInstallers|x64.ActiveCfg = Release|x64
		{5F79059E-6954-45C1-8929-27683551D25A}.NoInstallers|Any CPU.ActiveCfg = Release|Any CPU
		{5F79059E-6954-45C1-8929-27683551D25A}.NoInstallers|Any CPU.Build.0 = Release|Any CPU
		{5F79059E-6954-45C1-8929-27683551D25A}.NoInstallers|x64.ActiveCfg = Release|x64
		{5F79059E-6954-45C1-8929-27683551D25A}.NoInstallers|x64.Build.0 = Release|x64
		{5F79059E-6954-45C1-8929-27683551D25A}.Release|Any CPU.ActiveCfg = Release|Any CPU
		{5F79059E-6954-45C1-8929-27683551D25A}.Release|x64.ActiveCfg = Release|x64
		{5F79059E-6954-45C1-8929-27683551D25A}.Release|x64.Build.0 = Release|x64
		{61272BD1-E670-45CC-918B-1208B837F4DC}.Debug|Any CPU.ActiveCfg = Debug
		{61272BD1-E670-45CC-918B-1208B837F4DC}.Debug|x64.ActiveCfg = Debug
		{61272BD1-E670-45CC-918B-1208B837F4DC}.Development|Any CPU.ActiveCfg = DebugX64
		{61272BD1-E670-45CC-918B-1208B837F4DC}.Development|Any CPU.Build.0 = DebugX64
		{61272BD1-E670-45CC-918B-1208B837F4DC}.Development|x64.ActiveCfg = Debug
		{61272BD1-E670-45CC-918B-1208B837F4DC}.JustInstallers|Any CPU.ActiveCfg = ReleaseX64
		{61272BD1-E670-45CC-918B-1208B837F4DC}.JustInstallers|x64.ActiveCfg = Release
		{61272BD1-E670-45CC-918B-1208B837F4DC}.JustInstallers|x64.Build.0 = Release
		{61272BD1-E670-45CC-918B-1208B837F4DC}.NoInstallers|Any CPU.ActiveCfg = Release
		{61272BD1-E670-45CC-918B-1208B837F4DC}.NoInstallers|x64.ActiveCfg = Release
		{61272BD1-E670-45CC-918B-1208B837F4DC}.Release|Any CPU.ActiveCfg = Release
		{61272BD1-E670-45CC-918B-1208B837F4DC}.Release|Any CPU.Build.0 = Release
		{61272BD1-E670-45CC-918B-1208B837F4DC}.Release|x64.ActiveCfg = Release
		{61272BD1-E670-45CC-918B-1208B837F4DC}.Release|x64.Build.0 = Release
		{3EBE3C85-C79E-42EF-AA07-EEDA5990205B}.Debug|Any CPU.ActiveCfg = Debug
		{3EBE3C85-C79E-42EF-AA07-EEDA5990205B}.Debug|x64.ActiveCfg = Debug
		{3EBE3C85-C79E-42EF-AA07-EEDA5990205B}.Development|Any CPU.ActiveCfg = Debug
		{3EBE3C85-C79E-42EF-AA07-EEDA5990205B}.Development|x64.ActiveCfg = Debug
		{3EBE3C85-C79E-42EF-AA07-EEDA5990205B}.Development|x64.Build.0 = Debug
		{3EBE3C85-C79E-42EF-AA07-EEDA5990205B}.JustInstallers|Any CPU.ActiveCfg = Release
		{3EBE3C85-C79E-42EF-AA07-EEDA5990205B}.JustInstallers|x64.ActiveCfg = Release
		{3EBE3C85-C79E-42EF-AA07-EEDA5990205B}.JustInstallers|x64.Build.0 = Release
		{3EBE3C85-C79E-42EF-AA07-EEDA5990205B}.NoInstallers|Any CPU.ActiveCfg = Release
		{3EBE3C85-C79E-42EF-AA07-EEDA5990205B}.NoInstallers|x64.ActiveCfg = Release
		{3EBE3C85-C79E-42EF-AA07-EEDA5990205B}.Release|Any CPU.ActiveCfg = Release
		{3EBE3C85-C79E-42EF-AA07-EEDA5990205B}.Release|x64.ActiveCfg = Release
		{3EBE3C85-C79E-42EF-AA07-EEDA5990205B}.Release|x64.Build.0 = Release
		{80870108-EFE4-4ADF-969D-A0CE06123271}.Debug|Any CPU.ActiveCfg = Debug|Any CPU
		{80870108-EFE4-4ADF-969D-A0CE06123271}.Debug|Any CPU.Build.0 = Debug|Any CPU
		{80870108-EFE4-4ADF-969D-A0CE06123271}.Debug|x64.ActiveCfg = Debug|x64
		{80870108-EFE4-4ADF-969D-A0CE06123271}.Debug|x64.Build.0 = Debug|x64
		{80870108-EFE4-4ADF-969D-A0CE06123271}.Development|Any CPU.ActiveCfg = Debug|Any CPU
		{80870108-EFE4-4ADF-969D-A0CE06123271}.Development|Any CPU.Build.0 = Debug|Any CPU
		{80870108-EFE4-4ADF-969D-A0CE06123271}.Development|x64.ActiveCfg = Debug|x64
		{80870108-EFE4-4ADF-969D-A0CE06123271}.Development|x64.Build.0 = Debug|x64
		{80870108-EFE4-4ADF-969D-A0CE06123271}.JustInstallers|Any CPU.ActiveCfg = Release|Any CPU
		{80870108-EFE4-4ADF-969D-A0CE06123271}.JustInstallers|x64.ActiveCfg = Release|x64
		{80870108-EFE4-4ADF-969D-A0CE06123271}.NoInstallers|Any CPU.ActiveCfg = Release|Any CPU
		{80870108-EFE4-4ADF-969D-A0CE06123271}.NoInstallers|Any CPU.Build.0 = Release|Any CPU
		{80870108-EFE4-4ADF-969D-A0CE06123271}.NoInstallers|x64.ActiveCfg = Release|x64
		{80870108-EFE4-4ADF-969D-A0CE06123271}.NoInstallers|x64.Build.0 = Release|x64
		{80870108-EFE4-4ADF-969D-A0CE06123271}.Release|Any CPU.ActiveCfg = Release|Any CPU
		{80870108-EFE4-4ADF-969D-A0CE06123271}.Release|Any CPU.Build.0 = Release|Any CPU
		{80870108-EFE4-4ADF-969D-A0CE06123271}.Release|x64.ActiveCfg = Release|x64
		{80870108-EFE4-4ADF-969D-A0CE06123271}.Release|x64.Build.0 = Release|x64
		{CF76C2FC-2BE1-4C8C-AE08-E538765C63EF}.Debug|Any CPU.ActiveCfg = Debug|Any CPU
		{CF76C2FC-2BE1-4C8C-AE08-E538765C63EF}.Debug|Any CPU.Build.0 = Debug|Any CPU
		{CF76C2FC-2BE1-4C8C-AE08-E538765C63EF}.Debug|x64.ActiveCfg = Debug|x64
		{CF76C2FC-2BE1-4C8C-AE08-E538765C63EF}.Debug|x64.Build.0 = Debug|x64
		{CF76C2FC-2BE1-4C8C-AE08-E538765C63EF}.Development|Any CPU.ActiveCfg = Debug|Any CPU
		{CF76C2FC-2BE1-4C8C-AE08-E538765C63EF}.Development|Any CPU.Build.0 = Debug|Any CPU
		{CF76C2FC-2BE1-4C8C-AE08-E538765C63EF}.Development|x64.ActiveCfg = Debug|x64
		{CF76C2FC-2BE1-4C8C-AE08-E538765C63EF}.Development|x64.Build.0 = Debug|x64
		{CF76C2FC-2BE1-4C8C-AE08-E538765C63EF}.JustInstallers|Any CPU.ActiveCfg = Release|Any CPU
		{CF76C2FC-2BE1-4C8C-AE08-E538765C63EF}.JustInstallers|x64.ActiveCfg = Release|x64
		{CF76C2FC-2BE1-4C8C-AE08-E538765C63EF}.NoInstallers|Any CPU.ActiveCfg = Release|Any CPU
		{CF76C2FC-2BE1-4C8C-AE08-E538765C63EF}.NoInstallers|Any CPU.Build.0 = Release|Any CPU
		{CF76C2FC-2BE1-4C8C-AE08-E538765C63EF}.NoInstallers|x64.ActiveCfg = Release|x64
		{CF76C2FC-2BE1-4C8C-AE08-E538765C63EF}.Release|Any CPU.ActiveCfg = Release|Any CPU
		{CF76C2FC-2BE1-4C8C-AE08-E538765C63EF}.Release|Any CPU.Build.0 = Release|Any CPU
		{CF76C2FC-2BE1-4C8C-AE08-E538765C63EF}.Release|x64.ActiveCfg = Release|x64
		{CF76C2FC-2BE1-4C8C-AE08-E538765C63EF}.Release|x64.Build.0 = Release|x64
		{B81321DB-0CD8-4E6D-843C-0461979EEE9D}.Debug|Any CPU.ActiveCfg = Debug|Any CPU
		{B81321DB-0CD8-4E6D-843C-0461979EEE9D}.Debug|Any CPU.Build.0 = Debug|Any CPU
		{B81321DB-0CD8-4E6D-843C-0461979EEE9D}.Debug|x64.ActiveCfg = Debug|x64
		{B81321DB-0CD8-4E6D-843C-0461979EEE9D}.Debug|x64.Build.0 = Debug|x64
		{B81321DB-0CD8-4E6D-843C-0461979EEE9D}.Development|Any CPU.ActiveCfg = Debug|Any CPU
		{B81321DB-0CD8-4E6D-843C-0461979EEE9D}.Development|Any CPU.Build.0 = Debug|Any CPU
		{B81321DB-0CD8-4E6D-843C-0461979EEE9D}.Development|x64.ActiveCfg = Debug|x64
		{B81321DB-0CD8-4E6D-843C-0461979EEE9D}.Development|x64.Build.0 = Debug|x64
		{B81321DB-0CD8-4E6D-843C-0461979EEE9D}.JustInstallers|Any CPU.ActiveCfg = Release|Any CPU
		{B81321DB-0CD8-4E6D-843C-0461979EEE9D}.JustInstallers|x64.ActiveCfg = Release|x64
		{B81321DB-0CD8-4E6D-843C-0461979EEE9D}.NoInstallers|Any CPU.ActiveCfg = Release|Any CPU
		{B81321DB-0CD8-4E6D-843C-0461979EEE9D}.NoInstallers|Any CPU.Build.0 = Release|Any CPU
		{B81321DB-0CD8-4E6D-843C-0461979EEE9D}.NoInstallers|x64.ActiveCfg = Release|x64
		{B81321DB-0CD8-4E6D-843C-0461979EEE9D}.NoInstallers|x64.Build.0 = Release|x64
		{B81321DB-0CD8-4E6D-843C-0461979EEE9D}.Release|Any CPU.ActiveCfg = Release|Any CPU
		{B81321DB-0CD8-4E6D-843C-0461979EEE9D}.Release|Any CPU.Build.0 = Release|Any CPU
		{B81321DB-0CD8-4E6D-843C-0461979EEE9D}.Release|x64.ActiveCfg = Release|x64
		{B81321DB-0CD8-4E6D-843C-0461979EEE9D}.Release|x64.Build.0 = Release|x64
		{85E85BDF-EB98-4440-BC7D-52CD44176BD9}.Debug|Any CPU.ActiveCfg = Debug|Any CPU
		{85E85BDF-EB98-4440-BC7D-52CD44176BD9}.Debug|Any CPU.Build.0 = Debug|Any CPU
		{85E85BDF-EB98-4440-BC7D-52CD44176BD9}.Debug|x64.ActiveCfg = Debug|x64
		{85E85BDF-EB98-4440-BC7D-52CD44176BD9}.Debug|x64.Build.0 = Debug|x64
		{85E85BDF-EB98-4440-BC7D-52CD44176BD9}.Development|Any CPU.ActiveCfg = Debug|Any CPU
		{85E85BDF-EB98-4440-BC7D-52CD44176BD9}.Development|Any CPU.Build.0 = Debug|Any CPU
		{85E85BDF-EB98-4440-BC7D-52CD44176BD9}.Development|x64.ActiveCfg = Debug|x64
		{85E85BDF-EB98-4440-BC7D-52CD44176BD9}.Development|x64.Build.0 = Debug|x64
		{85E85BDF-EB98-4440-BC7D-52CD44176BD9}.JustInstallers|Any CPU.ActiveCfg = Release|Any CPU
		{85E85BDF-EB98-4440-BC7D-52CD44176BD9}.JustInstallers|x64.ActiveCfg = Release|x64
		{85E85BDF-EB98-4440-BC7D-52CD44176BD9}.NoInstallers|Any CPU.ActiveCfg = Release|Any CPU
		{85E85BDF-EB98-4440-BC7D-52CD44176BD9}.NoInstallers|Any CPU.Build.0 = Release|Any CPU
		{85E85BDF-EB98-4440-BC7D-52CD44176BD9}.NoInstallers|x64.ActiveCfg = Release|x64
		{85E85BDF-EB98-4440-BC7D-52CD44176BD9}.NoInstallers|x64.Build.0 = Release|x64
		{85E85BDF-EB98-4440-BC7D-52CD44176BD9}.Release|Any CPU.ActiveCfg = Release|Any CPU
		{85E85BDF-EB98-4440-BC7D-52CD44176BD9}.Release|Any CPU.Build.0 = Release|Any CPU
		{85E85BDF-EB98-4440-BC7D-52CD44176BD9}.Release|x64.ActiveCfg = Release|x64
		{85E85BDF-EB98-4440-BC7D-52CD44176BD9}.Release|x64.Build.0 = Release|x64
		{EFC42B48-44DD-4066-81F4-60C0D8104F7B}.Debug|Any CPU.ActiveCfg = Debug|Any CPU
		{EFC42B48-44DD-4066-81F4-60C0D8104F7B}.Debug|Any CPU.Build.0 = Debug|Any CPU
		{EFC42B48-44DD-4066-81F4-60C0D8104F7B}.Debug|x64.ActiveCfg = Debug|x64
		{EFC42B48-44DD-4066-81F4-60C0D8104F7B}.Debug|x64.Build.0 = Debug|x64
		{EFC42B48-44DD-4066-81F4-60C0D8104F7B}.Development|Any CPU.ActiveCfg = Debug|Any CPU
		{EFC42B48-44DD-4066-81F4-60C0D8104F7B}.Development|Any CPU.Build.0 = Debug|Any CPU
		{EFC42B48-44DD-4066-81F4-60C0D8104F7B}.Development|x64.ActiveCfg = Debug|x64
		{EFC42B48-44DD-4066-81F4-60C0D8104F7B}.Development|x64.Build.0 = Debug|x64
		{EFC42B48-44DD-4066-81F4-60C0D8104F7B}.JustInstallers|Any CPU.ActiveCfg = Release|Any CPU
		{EFC42B48-44DD-4066-81F4-60C0D8104F7B}.JustInstallers|x64.ActiveCfg = Release|x64
		{EFC42B48-44DD-4066-81F4-60C0D8104F7B}.NoInstallers|Any CPU.ActiveCfg = Release|Any CPU
		{EFC42B48-44DD-4066-81F4-60C0D8104F7B}.NoInstallers|Any CPU.Build.0 = Release|Any CPU
		{EFC42B48-44DD-4066-81F4-60C0D8104F7B}.NoInstallers|x64.ActiveCfg = Release|x64
		{EFC42B48-44DD-4066-81F4-60C0D8104F7B}.NoInstallers|x64.Build.0 = Release|x64
		{EFC42B48-44DD-4066-81F4-60C0D8104F7B}.Release|Any CPU.ActiveCfg = Release|Any CPU
		{EFC42B48-44DD-4066-81F4-60C0D8104F7B}.Release|Any CPU.Build.0 = Release|Any CPU
		{EFC42B48-44DD-4066-81F4-60C0D8104F7B}.Release|x64.ActiveCfg = Release|x64
		{EFC42B48-44DD-4066-81F4-60C0D8104F7B}.Release|x64.Build.0 = Release|x64
		{6977F474-C7E1-4CA3-880A-679ED43F1AAE}.Debug|Any CPU.ActiveCfg = Debug|Any CPU
		{6977F474-C7E1-4CA3-880A-679ED43F1AAE}.Debug|Any CPU.Build.0 = Debug|Any CPU
		{6977F474-C7E1-4CA3-880A-679ED43F1AAE}.Debug|x64.ActiveCfg = Debug|x64
		{6977F474-C7E1-4CA3-880A-679ED43F1AAE}.Debug|x64.Build.0 = Debug|x64
		{6977F474-C7E1-4CA3-880A-679ED43F1AAE}.Development|Any CPU.ActiveCfg = Debug|Any CPU
		{6977F474-C7E1-4CA3-880A-679ED43F1AAE}.Development|Any CPU.Build.0 = Debug|Any CPU
		{6977F474-C7E1-4CA3-880A-679ED43F1AAE}.Development|x64.ActiveCfg = Debug|x64
		{6977F474-C7E1-4CA3-880A-679ED43F1AAE}.Development|x64.Build.0 = Debug|x64
		{6977F474-C7E1-4CA3-880A-679ED43F1AAE}.JustInstallers|Any CPU.ActiveCfg = Release|Any CPU
		{6977F474-C7E1-4CA3-880A-679ED43F1AAE}.JustInstallers|x64.ActiveCfg = Release|x64
		{6977F474-C7E1-4CA3-880A-679ED43F1AAE}.NoInstallers|Any CPU.ActiveCfg = Release|Any CPU
		{6977F474-C7E1-4CA3-880A-679ED43F1AAE}.NoInstallers|Any CPU.Build.0 = Release|Any CPU
		{6977F474-C7E1-4CA3-880A-679ED43F1AAE}.NoInstallers|x64.ActiveCfg = Release|x64
		{6977F474-C7E1-4CA3-880A-679ED43F1AAE}.Release|Any CPU.ActiveCfg = Release|Any CPU
		{6977F474-C7E1-4CA3-880A-679ED43F1AAE}.Release|Any CPU.Build.0 = Release|Any CPU
		{6977F474-C7E1-4CA3-880A-679ED43F1AAE}.Release|x64.ActiveCfg = Release|x64
		{6977F474-C7E1-4CA3-880A-679ED43F1AAE}.Release|x64.Build.0 = Release|x64
		{D17E62CB-E81A-412E-931B-CD4456151C40}.Debug|Any CPU.ActiveCfg = Debug|Any CPU
		{D17E62CB-E81A-412E-931B-CD4456151C40}.Debug|Any CPU.Build.0 = Debug|Any CPU
		{D17E62CB-E81A-412E-931B-CD4456151C40}.Debug|x64.ActiveCfg = Debug|x64
		{D17E62CB-E81A-412E-931B-CD4456151C40}.Debug|x64.Build.0 = Debug|x64
		{D17E62CB-E81A-412E-931B-CD4456151C40}.Development|Any CPU.ActiveCfg = Debug|Any CPU
		{D17E62CB-E81A-412E-931B-CD4456151C40}.Development|Any CPU.Build.0 = Debug|Any CPU
		{D17E62CB-E81A-412E-931B-CD4456151C40}.Development|x64.ActiveCfg = Debug|x64
		{D17E62CB-E81A-412E-931B-CD4456151C40}.Development|x64.Build.0 = Debug|x64
		{D17E62CB-E81A-412E-931B-CD4456151C40}.JustInstallers|Any CPU.ActiveCfg = Release|Any CPU
		{D17E62CB-E81A-412E-931B-CD4456151C40}.JustInstallers|x64.ActiveCfg = Release|x64
		{D17E62CB-E81A-412E-931B-CD4456151C40}.NoInstallers|Any CPU.ActiveCfg = Release|Any CPU
		{D17E62CB-E81A-412E-931B-CD4456151C40}.NoInstallers|Any CPU.Build.0 = Release|Any CPU
		{D17E62CB-E81A-412E-931B-CD4456151C40}.NoInstallers|x64.ActiveCfg = Release|x64
		{D17E62CB-E81A-412E-931B-CD4456151C40}.NoInstallers|x64.Build.0 = Release|x64
		{D17E62CB-E81A-412E-931B-CD4456151C40}.Release|Any CPU.ActiveCfg = Release|Any CPU
		{D17E62CB-E81A-412E-931B-CD4456151C40}.Release|Any CPU.Build.0 = Release|Any CPU
		{D17E62CB-E81A-412E-931B-CD4456151C40}.Release|x64.ActiveCfg = Release|x64
		{D17E62CB-E81A-412E-931B-CD4456151C40}.Release|x64.Build.0 = Release|x64
		{E14DF324-9C86-48B8-9C67-CDBF30404758}.Debug|Any CPU.ActiveCfg = Debug|Any CPU
		{E14DF324-9C86-48B8-9C67-CDBF30404758}.Debug|Any CPU.Build.0 = Debug|Any CPU
		{E14DF324-9C86-48B8-9C67-CDBF30404758}.Debug|x64.ActiveCfg = Debug|x64
		{E14DF324-9C86-48B8-9C67-CDBF30404758}.Debug|x64.Build.0 = Debug|x64
		{E14DF324-9C86-48B8-9C67-CDBF30404758}.Development|Any CPU.ActiveCfg = Debug|Any CPU
		{E14DF324-9C86-48B8-9C67-CDBF30404758}.Development|Any CPU.Build.0 = Debug|Any CPU
		{E14DF324-9C86-48B8-9C67-CDBF30404758}.Development|x64.ActiveCfg = Debug|x64
		{E14DF324-9C86-48B8-9C67-CDBF30404758}.Development|x64.Build.0 = Debug|x64
		{E14DF324-9C86-48B8-9C67-CDBF30404758}.JustInstallers|Any CPU.ActiveCfg = Release|Any CPU
		{E14DF324-9C86-48B8-9C67-CDBF30404758}.JustInstallers|x64.ActiveCfg = Release|x64
		{E14DF324-9C86-48B8-9C67-CDBF30404758}.NoInstallers|Any CPU.ActiveCfg = Release|Any CPU
		{E14DF324-9C86-48B8-9C67-CDBF30404758}.NoInstallers|Any CPU.Build.0 = Release|Any CPU
		{E14DF324-9C86-48B8-9C67-CDBF30404758}.NoInstallers|x64.ActiveCfg = Release|x64
		{E14DF324-9C86-48B8-9C67-CDBF30404758}.Release|Any CPU.ActiveCfg = Release|Any CPU
		{E14DF324-9C86-48B8-9C67-CDBF30404758}.Release|Any CPU.Build.0 = Release|Any CPU
		{E14DF324-9C86-48B8-9C67-CDBF30404758}.Release|x64.ActiveCfg = Release|x64
		{E14DF324-9C86-48B8-9C67-CDBF30404758}.Release|x64.Build.0 = Release|x64
		{CC8E53BF-9DFB-4D6F-9B85-0994C9C0D49A}.Debug|Any CPU.ActiveCfg = Debug|Any CPU
		{CC8E53BF-9DFB-4D6F-9B85-0994C9C0D49A}.Debug|Any CPU.Build.0 = Debug|Any CPU
		{CC8E53BF-9DFB-4D6F-9B85-0994C9C0D49A}.Debug|x64.ActiveCfg = Debug|x64
		{CC8E53BF-9DFB-4D6F-9B85-0994C9C0D49A}.Debug|x64.Build.0 = Debug|x64
		{CC8E53BF-9DFB-4D6F-9B85-0994C9C0D49A}.Development|Any CPU.ActiveCfg = Debug|Any CPU
		{CC8E53BF-9DFB-4D6F-9B85-0994C9C0D49A}.Development|Any CPU.Build.0 = Debug|Any CPU
		{CC8E53BF-9DFB-4D6F-9B85-0994C9C0D49A}.Development|x64.ActiveCfg = Debug|x64
		{CC8E53BF-9DFB-4D6F-9B85-0994C9C0D49A}.Development|x64.Build.0 = Debug|x64
		{CC8E53BF-9DFB-4D6F-9B85-0994C9C0D49A}.JustInstallers|Any CPU.ActiveCfg = Release|Any CPU
		{CC8E53BF-9DFB-4D6F-9B85-0994C9C0D49A}.JustInstallers|x64.ActiveCfg = Release|x64
		{CC8E53BF-9DFB-4D6F-9B85-0994C9C0D49A}.NoInstallers|Any CPU.ActiveCfg = Release|Any CPU
		{CC8E53BF-9DFB-4D6F-9B85-0994C9C0D49A}.NoInstallers|Any CPU.Build.0 = Release|Any CPU
		{CC8E53BF-9DFB-4D6F-9B85-0994C9C0D49A}.NoInstallers|x64.ActiveCfg = Release|x64
		{CC8E53BF-9DFB-4D6F-9B85-0994C9C0D49A}.Release|Any CPU.ActiveCfg = Release|Any CPU
		{CC8E53BF-9DFB-4D6F-9B85-0994C9C0D49A}.Release|Any CPU.Build.0 = Release|Any CPU
		{CC8E53BF-9DFB-4D6F-9B85-0994C9C0D49A}.Release|x64.ActiveCfg = Release|x64
		{CC8E53BF-9DFB-4D6F-9B85-0994C9C0D49A}.Release|x64.Build.0 = Release|x64
		{DFD0A1EB-4B61-4A69-BCCA-BB0AB46088B1}.Debug|Any CPU.ActiveCfg = Debug|Any CPU
		{DFD0A1EB-4B61-4A69-BCCA-BB0AB46088B1}.Debug|Any CPU.Build.0 = Debug|Any CPU
		{DFD0A1EB-4B61-4A69-BCCA-BB0AB46088B1}.Debug|x64.ActiveCfg = Debug|x64
		{DFD0A1EB-4B61-4A69-BCCA-BB0AB46088B1}.Debug|x64.Build.0 = Debug|x64
		{DFD0A1EB-4B61-4A69-BCCA-BB0AB46088B1}.Development|Any CPU.ActiveCfg = Debug|Any CPU
		{DFD0A1EB-4B61-4A69-BCCA-BB0AB46088B1}.Development|Any CPU.Build.0 = Debug|Any CPU
		{DFD0A1EB-4B61-4A69-BCCA-BB0AB46088B1}.Development|x64.ActiveCfg = Debug|x64
		{DFD0A1EB-4B61-4A69-BCCA-BB0AB46088B1}.Development|x64.Build.0 = Debug|x64
		{DFD0A1EB-4B61-4A69-BCCA-BB0AB46088B1}.JustInstallers|Any CPU.ActiveCfg = Release|Any CPU
		{DFD0A1EB-4B61-4A69-BCCA-BB0AB46088B1}.JustInstallers|x64.ActiveCfg = Release|x64
		{DFD0A1EB-4B61-4A69-BCCA-BB0AB46088B1}.NoInstallers|Any CPU.ActiveCfg = Release|Any CPU
		{DFD0A1EB-4B61-4A69-BCCA-BB0AB46088B1}.NoInstallers|Any CPU.Build.0 = Release|Any CPU
		{DFD0A1EB-4B61-4A69-BCCA-BB0AB46088B1}.NoInstallers|x64.ActiveCfg = Release|x64
		{DFD0A1EB-4B61-4A69-BCCA-BB0AB46088B1}.Release|Any CPU.ActiveCfg = Release|Any CPU
		{DFD0A1EB-4B61-4A69-BCCA-BB0AB46088B1}.Release|Any CPU.Build.0 = Release|Any CPU
		{DFD0A1EB-4B61-4A69-BCCA-BB0AB46088B1}.Release|x64.ActiveCfg = Release|x64
		{DFD0A1EB-4B61-4A69-BCCA-BB0AB46088B1}.Release|x64.Build.0 = Release|x64
		{E39821C7-ADBC-4FCF-9497-FD44A6FC2CE9}.Debug|Any CPU.ActiveCfg = Debug|Any CPU
		{E39821C7-ADBC-4FCF-9497-FD44A6FC2CE9}.Debug|Any CPU.Build.0 = Debug|Any CPU
		{E39821C7-ADBC-4FCF-9497-FD44A6FC2CE9}.Debug|x64.ActiveCfg = Debug|x64
		{E39821C7-ADBC-4FCF-9497-FD44A6FC2CE9}.Debug|x64.Build.0 = Debug|x64
		{E39821C7-ADBC-4FCF-9497-FD44A6FC2CE9}.Development|Any CPU.ActiveCfg = Debug|Any CPU
		{E39821C7-ADBC-4FCF-9497-FD44A6FC2CE9}.Development|Any CPU.Build.0 = Debug|Any CPU
		{E39821C7-ADBC-4FCF-9497-FD44A6FC2CE9}.Development|x64.ActiveCfg = Debug|x64
		{E39821C7-ADBC-4FCF-9497-FD44A6FC2CE9}.Development|x64.Build.0 = Debug|x64
		{E39821C7-ADBC-4FCF-9497-FD44A6FC2CE9}.JustInstallers|Any CPU.ActiveCfg = Release|Any CPU
		{E39821C7-ADBC-4FCF-9497-FD44A6FC2CE9}.JustInstallers|x64.ActiveCfg = Release|x64
		{E39821C7-ADBC-4FCF-9497-FD44A6FC2CE9}.NoInstallers|Any CPU.ActiveCfg = Release|Any CPU
		{E39821C7-ADBC-4FCF-9497-FD44A6FC2CE9}.NoInstallers|Any CPU.Build.0 = Release|Any CPU
		{E39821C7-ADBC-4FCF-9497-FD44A6FC2CE9}.NoInstallers|x64.ActiveCfg = Release|x64
		{E39821C7-ADBC-4FCF-9497-FD44A6FC2CE9}.Release|Any CPU.ActiveCfg = Release|Any CPU
		{E39821C7-ADBC-4FCF-9497-FD44A6FC2CE9}.Release|Any CPU.Build.0 = Release|Any CPU
		{E39821C7-ADBC-4FCF-9497-FD44A6FC2CE9}.Release|x64.ActiveCfg = Release|x64
		{E39821C7-ADBC-4FCF-9497-FD44A6FC2CE9}.Release|x64.Build.0 = Release|x64
		{EBC0933D-26DF-4199-AA44-D5ADBD449342}.Debug|Any CPU.ActiveCfg = Debug|Any CPU
		{EBC0933D-26DF-4199-AA44-D5ADBD449342}.Debug|Any CPU.Build.0 = Debug|Any CPU
		{EBC0933D-26DF-4199-AA44-D5ADBD449342}.Debug|x64.ActiveCfg = Debug|x64
		{EBC0933D-26DF-4199-AA44-D5ADBD449342}.Debug|x64.Build.0 = Debug|x64
		{EBC0933D-26DF-4199-AA44-D5ADBD449342}.Development|Any CPU.ActiveCfg = Debug|Any CPU
		{EBC0933D-26DF-4199-AA44-D5ADBD449342}.Development|Any CPU.Build.0 = Debug|Any CPU
		{EBC0933D-26DF-4199-AA44-D5ADBD449342}.Development|x64.ActiveCfg = Debug|x64
		{EBC0933D-26DF-4199-AA44-D5ADBD449342}.Development|x64.Build.0 = Debug|x64
		{EBC0933D-26DF-4199-AA44-D5ADBD449342}.JustInstallers|Any CPU.ActiveCfg = Release|Any CPU
		{EBC0933D-26DF-4199-AA44-D5ADBD449342}.JustInstallers|Any CPU.Build.0 = Release|Any CPU
		{EBC0933D-26DF-4199-AA44-D5ADBD449342}.JustInstallers|x64.ActiveCfg = Release|x64
		{EBC0933D-26DF-4199-AA44-D5ADBD449342}.JustInstallers|x64.Build.0 = Release|x64
		{EBC0933D-26DF-4199-AA44-D5ADBD449342}.NoInstallers|Any CPU.ActiveCfg = Release|Any CPU
		{EBC0933D-26DF-4199-AA44-D5ADBD449342}.NoInstallers|Any CPU.Build.0 = Release|Any CPU
		{EBC0933D-26DF-4199-AA44-D5ADBD449342}.NoInstallers|x64.ActiveCfg = Release|x64
		{EBC0933D-26DF-4199-AA44-D5ADBD449342}.NoInstallers|x64.Build.0 = Release|x64
		{EBC0933D-26DF-4199-AA44-D5ADBD449342}.Release|Any CPU.ActiveCfg = Release|Any CPU
		{EBC0933D-26DF-4199-AA44-D5ADBD449342}.Release|Any CPU.Build.0 = Release|Any CPU
		{EBC0933D-26DF-4199-AA44-D5ADBD449342}.Release|x64.ActiveCfg = Release|x64
		{EBC0933D-26DF-4199-AA44-D5ADBD449342}.Release|x64.Build.0 = Release|x64
		{A7237E1E-B363-491D-9B78-BD46CCE689AA}.Debug|Any CPU.ActiveCfg = Debug|Any CPU
		{A7237E1E-B363-491D-9B78-BD46CCE689AA}.Debug|Any CPU.Build.0 = Debug|Any CPU
		{A7237E1E-B363-491D-9B78-BD46CCE689AA}.Debug|x64.ActiveCfg = Debug|x64
		{A7237E1E-B363-491D-9B78-BD46CCE689AA}.Debug|x64.Build.0 = Debug|x64
		{A7237E1E-B363-491D-9B78-BD46CCE689AA}.Development|Any CPU.ActiveCfg = Debug|Any CPU
		{A7237E1E-B363-491D-9B78-BD46CCE689AA}.Development|Any CPU.Build.0 = Debug|Any CPU
		{A7237E1E-B363-491D-9B78-BD46CCE689AA}.Development|x64.ActiveCfg = Debug|x64
		{A7237E1E-B363-491D-9B78-BD46CCE689AA}.Development|x64.Build.0 = Debug|x64
		{A7237E1E-B363-491D-9B78-BD46CCE689AA}.JustInstallers|Any CPU.ActiveCfg = Release|Any CPU
		{A7237E1E-B363-491D-9B78-BD46CCE689AA}.JustInstallers|x64.ActiveCfg = Release|x64
		{A7237E1E-B363-491D-9B78-BD46CCE689AA}.NoInstallers|Any CPU.ActiveCfg = Release|Any CPU
		{A7237E1E-B363-491D-9B78-BD46CCE689AA}.NoInstallers|Any CPU.Build.0 = Release|Any CPU
		{A7237E1E-B363-491D-9B78-BD46CCE689AA}.NoInstallers|x64.ActiveCfg = Release|x64
		{A7237E1E-B363-491D-9B78-BD46CCE689AA}.NoInstallers|x64.Build.0 = Release|x64
		{A7237E1E-B363-491D-9B78-BD46CCE689AA}.Release|Any CPU.ActiveCfg = Release|Any CPU
		{A7237E1E-B363-491D-9B78-BD46CCE689AA}.Release|Any CPU.Build.0 = Release|Any CPU
		{A7237E1E-B363-491D-9B78-BD46CCE689AA}.Release|x64.ActiveCfg = Release|x64
		{A7237E1E-B363-491D-9B78-BD46CCE689AA}.Release|x64.Build.0 = Release|x64
	EndGlobalSection
	GlobalSection(SolutionProperties) = preSolution
		HideSolutionNode = FALSE
	EndGlobalSection
	GlobalSection(NestedProjects) = preSolution
		{CF76C2FC-2BE1-4C8C-AE08-E538765C63EF} = {4BAD86A3-88DE-4AD6-B1E3-982D118CCB8D}
		{B81321DB-0CD8-4E6D-843C-0461979EEE9D} = {4BAD86A3-88DE-4AD6-B1E3-982D118CCB8D}
		{EFC42B48-44DD-4066-81F4-60C0D8104F7B} = {C8FEC79C-D618-482A-84E1-F07C5D220581}
		{6977F474-C7E1-4CA3-880A-679ED43F1AAE} = {4BAD86A3-88DE-4AD6-B1E3-982D118CCB8D}
		{D17E62CB-E81A-412E-931B-CD4456151C40} = {4BAD86A3-88DE-4AD6-B1E3-982D118CCB8D}
		{E14DF324-9C86-48B8-9C67-CDBF30404758} = {4BAD86A3-88DE-4AD6-B1E3-982D118CCB8D}
		{CC8E53BF-9DFB-4D6F-9B85-0994C9C0D49A} = {4BAD86A3-88DE-4AD6-B1E3-982D118CCB8D}
		{DFD0A1EB-4B61-4A69-BCCA-BB0AB46088B1} = {4BAD86A3-88DE-4AD6-B1E3-982D118CCB8D}
		{E39821C7-ADBC-4FCF-9497-FD44A6FC2CE9} = {4BAD86A3-88DE-4AD6-B1E3-982D118CCB8D}
	EndGlobalSection
	GlobalSection(ExtensibilityGlobals) = postSolution
		SolutionGuid = {3B206942-1574-47C9-BA9A-843FD9F493D4}
	EndGlobalSection
EndGlobal
